// !$*UTF8*$!
{
	archiveVersion = 1;
	classes = {
	};
	objectVersion = 46;
	objects = {

/* Begin PBXBuildFile section */
		E62A783218212B100054BBD7 /* Foundation.framework in Frameworks */ = {isa = PBXBuildFile; fileRef = E62A783118212B100054BBD7 /* Foundation.framework */; };
		E62A783418212B100054BBD7 /* CoreGraphics.framework in Frameworks */ = {isa = PBXBuildFile; fileRef = E62A783318212B100054BBD7 /* CoreGraphics.framework */; };
		E62A783618212B100054BBD7 /* UIKit.framework in Frameworks */ = {isa = PBXBuildFile; fileRef = E62A783518212B100054BBD7 /* UIKit.framework */; };
		E62A783C18212B100054BBD7 /* InfoPlist.strings in Resources */ = {isa = PBXBuildFile; fileRef = E62A783A18212B100054BBD7 /* InfoPlist.strings */; };
		E62A783E18212B100054BBD7 /* main.m in Sources */ = {isa = PBXBuildFile; fileRef = E62A783D18212B100054BBD7 /* main.m */; };
		E62A784218212B100054BBD7 /* NS_AppDelegate.m in Sources */ = {isa = PBXBuildFile; fileRef = E62A784118212B100054BBD7 /* NS_AppDelegate.m */; };
		E62A784518212B100054BBD7 /* Main_iPhone.storyboard in Resources */ = {isa = PBXBuildFile; fileRef = E62A784318212B100054BBD7 /* Main_iPhone.storyboard */; };
		E62A784D18212B100054BBD7 /* Images.xcassets in Resources */ = {isa = PBXBuildFile; fileRef = E62A784C18212B100054BBD7 /* Images.xcassets */; };
		E62A785418212B100054BBD7 /* XCTest.framework in Frameworks */ = {isa = PBXBuildFile; fileRef = E62A785318212B100054BBD7 /* XCTest.framework */; };
		E62A785518212B100054BBD7 /* Foundation.framework in Frameworks */ = {isa = PBXBuildFile; fileRef = E62A783118212B100054BBD7 /* Foundation.framework */; };
		E62A785618212B100054BBD7 /* UIKit.framework in Frameworks */ = {isa = PBXBuildFile; fileRef = E62A783518212B100054BBD7 /* UIKit.framework */; };
		E62A785E18212B100054BBD7 /* InfoPlist.strings in Resources */ = {isa = PBXBuildFile; fileRef = E62A785C18212B100054BBD7 /* InfoPlist.strings */; };
		E62A786018212B100054BBD7 /* EditingAndOrderingTableTests.m in Sources */ = {isa = PBXBuildFile; fileRef = E62A785F18212B100054BBD7 /* EditingAndOrderingTableTests.m */; };
		E62A786B1821382C0054BBD7 /* NS_MainViewController.m in Sources */ = {isa = PBXBuildFile; fileRef = E62A786A1821382C0054BBD7 /* NS_MainViewController.m */; };
		E62A786E182138E60054BBD7 /* NS_Section.m in Sources */ = {isa = PBXBuildFile; fileRef = E62A786D182138E60054BBD7 /* NS_Section.m */; };
		E62A7871182139500054BBD7 /* NS_Row.m in Sources */ = {isa = PBXBuildFile; fileRef = E62A7870182139500054BBD7 /* NS_Row.m */; };
		E62A7873182159320054BBD7 /* Main_iPad.storyboard in Resources */ = {isa = PBXBuildFile; fileRef = E62A7872182159320054BBD7 /* Main_iPad.storyboard */; };
/* End PBXBuildFile section */

/* Begin PBXContainerItemProxy section */
		E62A785718212B100054BBD7 /* PBXContainerItemProxy */ = {
			isa = PBXContainerItemProxy;
			containerPortal = E62A782618212B100054BBD7 /* Project object */;
			proxyType = 1;
			remoteGlobalIDString = E62A782D18212B100054BBD7;
			remoteInfo = EditingAndOrderingTable;
		};
/* End PBXContainerItemProxy section */

/* Begin PBXFileReference section */
		E62A782E18212B100054BBD7 /* EditingAndOrderingTable.app */ = {isa = PBXFileReference; explicitFileType = wrapper.application; includeInIndex = 0; path = EditingAndOrderingTable.app; sourceTree = BUILT_PRODUCTS_DIR; };
		E62A783118212B100054BBD7 /* Foundation.framework */ = {isa = PBXFileReference; lastKnownFileType = wrapper.framework; name = Foundation.framework; path = System/Library/Frameworks/Foundation.framework; sourceTree = SDKROOT; };
		E62A783318212B100054BBD7 /* CoreGraphics.framework */ = {isa = PBXFileReference; lastKnownFileType = wrapper.framework; name = CoreGraphics.framework; path = System/Library/Frameworks/CoreGraphics.framework; sourceTree = SDKROOT; };
		E62A783518212B100054BBD7 /* UIKit.framework */ = {isa = PBXFileReference; lastKnownFileType = wrapper.framework; name = UIKit.framework; path = System/Library/Frameworks/UIKit.framework; sourceTree = SDKROOT; };
		E62A783918212B100054BBD7 /* EditingAndOrderingTable-Info.plist */ = {isa = PBXFileReference; lastKnownFileType = text.plist.xml; path = "EditingAndOrderingTable-Info.plist"; sourceTree = "<group>"; };
		E62A783B18212B100054BBD7 /* en */ = {isa = PBXFileReference; lastKnownFileType = text.plist.strings; name = en; path = en.lproj/InfoPlist.strings; sourceTree = "<group>"; };
		E62A783D18212B100054BBD7 /* main.m */ = {isa = PBXFileReference; lastKnownFileType = sourcecode.c.objc; path = main.m; sourceTree = "<group>"; };
		E62A783F18212B100054BBD7 /* EditingAndOrderingTable-Prefix.pch */ = {isa = PBXFileReference; lastKnownFileType = sourcecode.c.h; path = "EditingAndOrderingTable-Prefix.pch"; sourceTree = "<group>"; };
		E62A784018212B100054BBD7 /* NS_AppDelegate.h */ = {isa = PBXFileReference; lastKnownFileType = sourcecode.c.h; path = NS_AppDelegate.h; sourceTree = "<group>"; };
		E62A784118212B100054BBD7 /* NS_AppDelegate.m */ = {isa = PBXFileReference; lastKnownFileType = sourcecode.c.objc; path = NS_AppDelegate.m; sourceTree = "<group>"; };
		E62A784418212B100054BBD7 /* Base */ = {isa = PBXFileReference; lastKnownFileType = file.storyboard; name = Base; path = Base.lproj/Main_iPhone.storyboard; sourceTree = "<group>"; };
		E62A784C18212B100054BBD7 /* Images.xcassets */ = {isa = PBXFileReference; lastKnownFileType = folder.assetcatalog; path = Images.xcassets; sourceTree = "<group>"; };
		E62A785218212B100054BBD7 /* EditingAndOrderingTableTests.xctest */ = {isa = PBXFileReference; explicitFileType = wrapper.cfbundle; includeInIndex = 0; path = EditingAndOrderingTableTests.xctest; sourceTree = BUILT_PRODUCTS_DIR; };
		E62A785318212B100054BBD7 /* XCTest.framework */ = {isa = PBXFileReference; lastKnownFileType = wrapper.framework; name = XCTest.framework; path = Library/Frameworks/XCTest.framework; sourceTree = DEVELOPER_DIR; };
		E62A785B18212B100054BBD7 /* EditingAndOrderingTableTests-Info.plist */ = {isa = PBXFileReference; lastKnownFileType = text.plist.xml; path = "EditingAndOrderingTableTests-Info.plist"; sourceTree = "<group>"; };
		E62A785D18212B100054BBD7 /* en */ = {isa = PBXFileReference; lastKnownFileType = text.plist.strings; name = en; path = en.lproj/InfoPlist.strings; sourceTree = "<group>"; };
		E62A785F18212B100054BBD7 /* EditingAndOrderingTableTests.m */ = {isa = PBXFileReference; lastKnownFileType = sourcecode.c.objc; path = EditingAndOrderingTableTests.m; sourceTree = "<group>"; };
		E62A78691821382C0054BBD7 /* NS_MainViewController.h */ = {isa = PBXFileReference; fileEncoding = 4; lastKnownFileType = sourcecode.c.h; path = NS_MainViewController.h; sourceTree = "<group>"; };
		E62A786A1821382C0054BBD7 /* NS_MainViewController.m */ = {isa = PBXFileReference; fileEncoding = 4; lastKnownFileType = sourcecode.c.objc; path = NS_MainViewController.m; sourceTree = "<group>"; };
		E62A786C182138E60054BBD7 /* NS_Section.h */ = {isa = PBXFileReference; fileEncoding = 4; lastKnownFileType = sourcecode.c.h; name = NS_Section.h; path = ../NS_Section.h; sourceTree = "<group>"; };
		E62A786D182138E60054BBD7 /* NS_Section.m */ = {isa = PBXFileReference; fileEncoding = 4; lastKnownFileType = sourcecode.c.objc; name = NS_Section.m; path = ../NS_Section.m; sourceTree = "<group>"; };
		E62A786F182139500054BBD7 /* NS_Row.h */ = {isa = PBXFileReference; fileEncoding = 4; lastKnownFileType = sourcecode.c.h; path = NS_Row.h; sourceTree = "<group>"; };
		E62A7870182139500054BBD7 /* NS_Row.m */ = {isa = PBXFileReference; fileEncoding = 4; lastKnownFileType = sourcecode.c.objc; path = NS_Row.m; sourceTree = "<group>"; };
		E62A7872182159320054BBD7 /* Main_iPad.storyboard */ = {isa = PBXFileReference; fileEncoding = 4; lastKnownFileType = file.storyboard; name = Main_iPad.storyboard; path = ../Main_iPad.storyboard; sourceTree = "<group>"; };
/* End PBXFileReference section */

/* Begin PBXFrameworksBuildPhase section */
		E62A782B18212B100054BBD7 /* Frameworks */ = {
			isa = PBXFrameworksBuildPhase;
			buildActionMask = 2147483647;
			files = (
				E62A783418212B100054BBD7 /* CoreGraphics.framework in Frameworks */,
				E62A783618212B100054BBD7 /* UIKit.framework in Frameworks */,
				E62A783218212B100054BBD7 /* Foundation.framework in Frameworks */,
			);
			runOnlyForDeploymentPostprocessing = 0;
		};
		E62A784F18212B100054BBD7 /* Frameworks */ = {
			isa = PBXFrameworksBuildPhase;
			buildActionMask = 2147483647;
			files = (
				E62A785418212B100054BBD7 /* XCTest.framework in Frameworks */,
				E62A785618212B100054BBD7 /* UIKit.framework in Frameworks */,
				E62A785518212B100054BBD7 /* Foundation.framework in Frameworks */,
			);
			runOnlyForDeploymentPostprocessing = 0;
		};
/* End PBXFrameworksBuildPhase section */

/* Begin PBXGroup section */
		E62A782518212B100054BBD7 = {
			isa = PBXGroup;
			children = (
				E62A783718212B100054BBD7 /* EditingAndOrderingTable */,
				E62A785918212B100054BBD7 /* EditingAndOrderingTableTests */,
				E62A783018212B100054BBD7 /* Frameworks */,
				E62A782F18212B100054BBD7 /* Products */,
			);
			sourceTree = "<group>";
		};
		E62A782F18212B100054BBD7 /* Products */ = {
			isa = PBXGroup;
			children = (
				E62A782E18212B100054BBD7 /* EditingAndOrderingTable.app */,
				E62A785218212B100054BBD7 /* EditingAndOrderingTableTests.xctest */,
			);
			name = Products;
			sourceTree = "<group>";
		};
		E62A783018212B100054BBD7 /* Frameworks */ = {
			isa = PBXGroup;
			children = (
				E62A783118212B100054BBD7 /* Foundation.framework */,
				E62A783318212B100054BBD7 /* CoreGraphics.framework */,
				E62A783518212B100054BBD7 /* UIKit.framework */,
				E62A785318212B100054BBD7 /* XCTest.framework */,
			);
			name = Frameworks;
			sourceTree = "<group>";
		};
		E62A783718212B100054BBD7 /* EditingAndOrderingTable */ = {
			isa = PBXGroup;
			children = (
				E62A784018212B100054BBD7 /* NS_AppDelegate.h */,
				E62A784118212B100054BBD7 /* NS_AppDelegate.m */,
				E62A784318212B100054BBD7 /* Main_iPhone.storyboard */,
				E62A7872182159320054BBD7 /* Main_iPad.storyboard */,
				E62A784C18212B100054BBD7 /* Images.xcassets */,
				E62A783818212B100054BBD7 /* Supporting Files */,
				E62A786C182138E60054BBD7 /* NS_Section.h */,
				E62A786D182138E60054BBD7 /* NS_Section.m */,
				E62A786F182139500054BBD7 /* NS_Row.h */,
				E62A7870182139500054BBD7 /* NS_Row.m */,
				E62A78691821382C0054BBD7 /* NS_MainViewController.h */,
				E62A786A1821382C0054BBD7 /* NS_MainViewController.m */,
			);
			path = EditingAndOrderingTable;
			sourceTree = "<group>";
		};
		E62A783818212B100054BBD7 /* Supporting Files */ = {
			isa = PBXGroup;
			children = (
				E62A783918212B100054BBD7 /* EditingAndOrderingTable-Info.plist */,
				E62A783A18212B100054BBD7 /* InfoPlist.strings */,
				E62A783D18212B100054BBD7 /* main.m */,
				E62A783F18212B100054BBD7 /* EditingAndOrderingTable-Prefix.pch */,
			);
			name = "Supporting Files";
			sourceTree = "<group>";
		};
		E62A785918212B100054BBD7 /* EditingAndOrderingTableTests */ = {
			isa = PBXGroup;
			children = (
				E62A785F18212B100054BBD7 /* EditingAndOrderingTableTests.m */,
				E62A785A18212B100054BBD7 /* Supporting Files */,
			);
			path = EditingAndOrderingTableTests;
			sourceTree = "<group>";
		};
		E62A785A18212B100054BBD7 /* Supporting Files */ = {
			isa = PBXGroup;
			children = (
				E62A785B18212B100054BBD7 /* EditingAndOrderingTableTests-Info.plist */,
				E62A785C18212B100054BBD7 /* InfoPlist.strings */,
			);
			name = "Supporting Files";
			sourceTree = "<group>";
		};
/* End PBXGroup section */

/* Begin PBXNativeTarget section */
		E62A782D18212B100054BBD7 /* EditingAndOrderingTable */ = {
			isa = PBXNativeTarget;
			buildConfigurationList = E62A786318212B100054BBD7 /* Build configuration list for PBXNativeTarget "EditingAndOrderingTable" */;
			buildPhases = (
				E62A782A18212B100054BBD7 /* Sources */,
				E62A782B18212B100054BBD7 /* Frameworks */,
				E62A782C18212B100054BBD7 /* Resources */,
			);
			buildRules = (
			);
			dependencies = (
			);
			name = EditingAndOrderingTable;
			productName = EditingAndOrderingTable;
			productReference = E62A782E18212B100054BBD7 /* EditingAndOrderingTable.app */;
			productType = "com.apple.product-type.application";
		};
		E62A785118212B100054BBD7 /* EditingAndOrderingTableTests */ = {
			isa = PBXNativeTarget;
			buildConfigurationList = E62A786618212B100054BBD7 /* Build configuration list for PBXNativeTarget "EditingAndOrderingTableTests" */;
			buildPhases = (
				E62A784E18212B100054BBD7 /* Sources */,
				E62A784F18212B100054BBD7 /* Frameworks */,
				E62A785018212B100054BBD7 /* Resources */,
			);
			buildRules = (
			);
			dependencies = (
				E62A785818212B100054BBD7 /* PBXTargetDependency */,
			);
			name = EditingAndOrderingTableTests;
			productName = EditingAndOrderingTableTests;
			productReference = E62A785218212B100054BBD7 /* EditingAndOrderingTableTests.xctest */;
			productType = "com.apple.product-type.bundle.unit-test";
		};
/* End PBXNativeTarget section */

/* Begin PBXProject section */
		E62A782618212B100054BBD7 /* Project object */ = {
			isa = PBXProject;
			attributes = {
				CLASSPREFIX = NS_;
				LastUpgradeCheck = 0500;
				ORGANIZATIONNAME = "Nikolay Shatilo";
				TargetAttributes = {
					E62A785118212B100054BBD7 = {
						TestTargetID = E62A782D18212B100054BBD7;
					};
				};
			};
			buildConfigurationList = E62A782918212B100054BBD7 /* Build configuration list for PBXProject "EditingAndOrderingTable" */;
			compatibilityVersion = "Xcode 3.2";
			developmentRegion = English;
			hasScannedForEncodings = 0;
			knownRegions = (
				en,
				Base,
			);
			mainGroup = E62A782518212B100054BBD7;
			productRefGroup = E62A782F18212B100054BBD7 /* Products */;
			projectDirPath = "";
			projectRoot = "";
			targets = (
				E62A782D18212B100054BBD7 /* EditingAndOrderingTable */,
				E62A785118212B100054BBD7 /* EditingAndOrderingTableTests */,
			);
		};
/* End PBXProject section */

/* Begin PBXResourcesBuildPhase section */
		E62A782C18212B100054BBD7 /* Resources */ = {
			isa = PBXResourcesBuildPhase;
			buildActionMask = 2147483647;
			files = (
				E62A784D18212B100054BBD7 /* Images.xcassets in Resources */,
				E62A7873182159320054BBD7 /* Main_iPad.storyboard in Resources */,
				E62A784518212B100054BBD7 /* Main_iPhone.storyboard in Resources */,
				E62A783C18212B100054BBD7 /* InfoPlist.strings in Resources */,
			);
			runOnlyForDeploymentPostprocessing = 0;
		};
		E62A785018212B100054BBD7 /* Resources */ = {
			isa = PBXResourcesBuildPhase;
			buildActionMask = 2147483647;
			files = (
				E62A785E18212B100054BBD7 /* InfoPlist.strings in Resources */,
			);
			runOnlyForDeploymentPostprocessing = 0;
		};
/* End PBXResourcesBuildPhase section */

/* Begin PBXSourcesBuildPhase section */
		E62A782A18212B100054BBD7 /* Sources */ = {
			isa = PBXSourcesBuildPhase;
			buildActionMask = 2147483647;
			files = (
				E62A786E182138E60054BBD7 /* NS_Section.m in Sources */,
				E62A783E18212B100054BBD7 /* main.m in Sources */,
				E62A784218212B100054BBD7 /* NS_AppDelegate.m in Sources */,
				E62A786B1821382C0054BBD7 /* NS_MainViewController.m in Sources */,
				E62A7871182139500054BBD7 /* NS_Row.m in Sources */,
			);
			runOnlyForDeploymentPostprocessing = 0;
		};
		E62A784E18212B100054BBD7 /* Sources */ = {
			isa = PBXSourcesBuildPhase;
			buildActionMask = 2147483647;
			files = (
				E62A786018212B100054BBD7 /* EditingAndOrderingTableTests.m in Sources */,
			);
			runOnlyForDeploymentPostprocessing = 0;
		};
/* End PBXSourcesBuildPhase section */

/* Begin PBXTargetDependency section */
		E62A785818212B100054BBD7 /* PBXTargetDependency */ = {
			isa = PBXTargetDependency;
			target = E62A782D18212B100054BBD7 /* EditingAndOrderingTable */;
			targetProxy = E62A785718212B100054BBD7 /* PBXContainerItemProxy */;
		};
/* End PBXTargetDependency section */

/* Begin PBXVariantGroup section */
		E62A783A18212B100054BBD7 /* InfoPlist.strings */ = {
			isa = PBXVariantGroup;
			children = (
				E62A783B18212B100054BBD7 /* en */,
			);
			name = InfoPlist.strings;
			sourceTree = "<group>";
		};
		E62A784318212B100054BBD7 /* Main_iPhone.storyboard */ = {
			isa = PBXVariantGroup;
			children = (
				E62A784418212B100054BBD7 /* Base */,
			);
			name = Main_iPhone.storyboard;
			sourceTree = "<group>";
		};
		E62A785C18212B100054BBD7 /* InfoPlist.strings */ = {
			isa = PBXVariantGroup;
			children = (
				E62A785D18212B100054BBD7 /* en */,
			);
			name = InfoPlist.strings;
			sourceTree = "<group>";
		};
/* End PBXVariantGroup section */

/* Begin XCBuildConfiguration section */
		E62A786118212B100054BBD7 /* Debug */ = {
			isa = XCBuildConfiguration;
			buildSettings = {
				ALWAYS_SEARCH_USER_PATHS = NO;
				ARCHS = "$(ARCHS_STANDARD_INCLUDING_64_BIT)";
				CLANG_CXX_LANGUAGE_STANDARD = "gnu++0x";
				CLANG_CXX_LIBRARY = "libc++";
				CLANG_ENABLE_MODULES = YES;
				CLANG_ENABLE_OBJC_ARC = YES;
				CLANG_WARN_BOOL_CONVERSION = YES;
				CLANG_WARN_CONSTANT_CONVERSION = YES;
				CLANG_WARN_DIRECT_OBJC_ISA_USAGE = YES_ERROR;
				CLANG_WARN_EMPTY_BODY = YES;
				CLANG_WARN_ENUM_CONVERSION = YES;
				CLANG_WARN_INT_CONVERSION = YES;
				CLANG_WARN_OBJC_ROOT_CLASS = YES_ERROR;
				CLANG_WARN__DUPLICATE_METHOD_MATCH = YES;
				"CODE_SIGN_IDENTITY[sdk=iphoneos*]" = "iPhone Developer";
				COPY_PHASE_STRIP = NO;
				GCC_C_LANGUAGE_STANDARD = gnu99;
				GCC_DYNAMIC_NO_PIC = NO;
				GCC_OPTIMIZATION_LEVEL = 0;
				GCC_PREPROCESSOR_DEFINITIONS = (
					"DEBUG=1",
					"$(inherited)",
				);
				GCC_SYMBOLS_PRIVATE_EXTERN = NO;
				GCC_WARN_64_TO_32_BIT_CONVERSION = YES;
				GCC_WARN_ABOUT_RETURN_TYPE = YES_ERROR;
				GCC_WARN_UNDECLARED_SELECTOR = YES;
				GCC_WARN_UNINITIALIZED_AUTOS = YES;
				GCC_WARN_UNUSED_FUNCTION = YES;
				GCC_WARN_UNUSED_VARIABLE = YES;
				IPHONEOS_DEPLOYMENT_TARGET = 7.0;
				ONLY_ACTIVE_ARCH = YES;
				SDKROOT = iphoneos;
				TARGETED_DEVICE_FAMILY = "1,2";
			};
			name = Debug;
		};
		E62A786218212B100054BBD7 /* Release */ = {
			isa = XCBuildConfiguration;
			buildSettings = {
				ALWAYS_SEARCH_USER_PATHS = NO;
				ARCHS = "$(ARCHS_STANDARD_INCLUDING_64_BIT)";
				CLANG_CXX_LANGUAGE_STANDARD = "gnu++0x";
				CLANG_CXX_LIBRARY = "libc++";
				CLANG_ENABLE_MODULES = YES;
				CLANG_ENABLE_OBJC_ARC = YES;
				CLANG_WARN_BOOL_CONVERSION = YES;
				CLANG_WARN_CONSTANT_CONVERSION = YES;
				CLANG_WARN_DIRECT_OBJC_ISA_USAGE = YES_ERROR;
				CLANG_WARN_EMPTY_BODY = YES;
				CLANG_WARN_ENUM_CONVERSION = YES;
				CLANG_WARN_INT_CONVERSION = YES;
				CLANG_WARN_OBJC_ROOT_CLASS = YES_ERROR;
				CLANG_WARN__DUPLICATE_METHOD_MATCH = YES;
				"CODE_SIGN_IDENTITY[sdk=iphoneos*]" = "iPhone Developer";
				COPY_PHASE_STRIP = YES;
				ENABLE_NS_ASSERTIONS = NO;
				GCC_C_LANGUAGE_STANDARD = gnu99;
				GCC_WARN_64_TO_32_BIT_CONVERSION = YES;
				GCC_WARN_ABOUT_RETURN_TYPE = YES_ERROR;
				GCC_WARN_UNDECLARED_SELECTOR = YES;
				GCC_WARN_UNINITIALIZED_AUTOS = YES;
				GCC_WARN_UNUSED_FUNCTION = YES;
				GCC_WARN_UNUSED_VARIABLE = YES;
				IPHONEOS_DEPLOYMENT_TARGET = 7.0;
				SDKROOT = iphoneos;
				TARGETED_DEVICE_FAMILY = "1,2";
				VALIDATE_PRODUCT = YES;
			};
			name = Release;
		};
		E62A786418212B100054BBD7 /* Debug */ = {
			isa = XCBuildConfiguration;
			buildSettings = {
				ASSETCATALOG_COMPILER_APPICON_NAME = AppIcon;
				ASSETCATALOG_COMPILER_LAUNCHIMAGE_NAME = LaunchImage;
				GCC_PRECOMPILE_PREFIX_HEADER = YES;
				GCC_PREFIX_HEADER = "EditingAndOrderingTable/EditingAndOrderingTable-Prefix.pch";
				INFOPLIST_FILE = "EditingAndOrderingTable/EditingAndOrderingTable-Info.plist";
				PRODUCT_NAME = "$(TARGET_NAME)";
				WRAPPER_EXTENSION = app;
			};
			name = Debug;
		};
		E62A786518212B100054BBD7 /* Release */ = {
			isa = XCBuildConfiguration;
			buildSettings = {
				ASSETCATALOG_COMPILER_APPICON_NAME = AppIcon;
				ASSETCATALOG_COMPILER_LAUNCHIMAGE_NAME = LaunchImage;
				GCC_PRECOMPILE_PREFIX_HEADER = YES;
				GCC_PREFIX_HEADER = "EditingAndOrderingTable/EditingAndOrderingTable-Prefix.pch";
				INFOPLIST_FILE = "EditingAndOrderingTable/EditingAndOrderingTable-Info.plist";
				PRODUCT_NAME = "$(TARGET_NAME)";
				WRAPPER_EXTENSION = app;
			};
			name = Release;
		};
		E62A786718212B100054BBD7 /* Debug */ = {
			isa = XCBuildConfiguration;
			buildSettings = {
				ARCHS = "$(ARCHS_STANDARD_INCLUDING_64_BIT)";
				BUNDLE_LOADER = "$(BUILT_PRODUCTS_DIR)/EditingAndOrderingTable.app/EditingAndOrderingTable";
				FRAMEWORK_SEARCH_PATHS = (
					"$(SDKROOT)/Developer/Library/Frameworks",
					"$(inherited)",
					"$(DEVELOPER_FRAMEWORKS_DIR)",
				);
				GCC_PRECOMPILE_PREFIX_HEADER = YES;
				GCC_PREFIX_HEADER = "EditingAndOrderingTable/EditingAndOrderingTable-Prefix.pch";
				GCC_PREPROCESSOR_DEFINITIONS = (
					"DEBUG=1",
					"$(inherited)",
				);
				INFOPLIST_FILE = "EditingAndOrderingTableTests/EditingAndOrderingTableTests-Info.plist";
				PRODUCT_NAME = "$(TARGET_NAME)";
				TEST_HOST = "$(BUNDLE_LOADER)";
				WRAPPER_EXTENSION = xctest;
			};
			name = Debug;
		};
		E62A786818212B100054BBD7 /* Release */ = {
			isa = XCBuildConfiguration;
			buildSettings = {
				ARCHS = "$(ARCHS_STANDARD_INCLUDING_64_BIT)";
				BUNDLE_LOADER = "$(BUILT_PRODUCTS_DIR)/EditingAndOrderingTable.app/EditingAndOrderingTable";
				FRAMEWORK_SEARCH_PATHS = (
					"$(SDKROOT)/Developer/Library/Frameworks",
					"$(inherited)",
					"$(DEVELOPER_FRAMEWORKS_DIR)",
				);
				GCC_PRECOMPILE_PREFIX_HEADER = YES;
				GCC_PREFIX_HEADER = "EditingAndOrderingTable/EditingAndOrderingTable-Prefix.pch";
				INFOPLIST_FILE = "EditingAndOrderingTableTests/EditingAndOrderingTableTests-Info.plist";
				PRODUCT_NAME = "$(TARGET_NAME)";
				TEST_HOST = "$(BUNDLE_LOADER)";
				WRAPPER_EXTENSION = xctest;
			};
			name = Release;
		};
/* End XCBuildConfiguration section */

/* Begin XCConfigurationList section */
		E62A782918212B100054BBD7 /* Build configuration list for PBXProject "EditingAndOrderingTable" */ = {
			isa = XCConfigurationList;
			buildConfigurations = (
				E62A786118212B100054BBD7 /* Debug */,
				E62A786218212B100054BBD7 /* Release */,
			);
			defaultConfigurationIsVisible = 0;
			defaultConfigurationName = Release;
		};
		E62A786318212B100054BBD7 /* Build configuration list for PBXNativeTarget "EditingAndOrderingTable" */ = {
			isa = XCConfigurationList;
			buildConfigurations = (
				E62A786418212B100054BBD7 /* Debug */,
				E62A786518212B100054BBD7 /* Release */,
			);
			defaultConfigurationIsVisible = 0;
		};
		E62A786618212B100054BBD7 /* Build configuration list for PBXNativeTarget "EditingAndOrderingTableTests" */ = {
			isa = XCConfigurationList;
			buildConfigurations = (
				E62A786718212B100054BBD7 /* Debug */,
				E62A786818212B100054BBD7 /* Release */,
			);
			defaultConfigurationIsVisible = 0;
		};
/* End XCConfigurationList section */
	};
	rootObject = E62A782618212B100054BBD7 /* Project object */;
}
