// !$*UTF8*$!
{
	archiveVersion = 1;
	classes = {
	};
	objectVersion = 46;
	objects = {

/* Begin PBXBuildFile section */
		E67D9340187D7DBE0091E8C8 /* Foundation.framework in Frameworks */ = {isa = PBXBuildFile; fileRef = E67D933F187D7DBE0091E8C8 /* Foundation.framework */; };
		E67D9342187D7DBE0091E8C8 /* CoreGraphics.framework in Frameworks */ = {isa = PBXBuildFile; fileRef = E67D9341187D7DBE0091E8C8 /* CoreGraphics.framework */; };
		E67D9344187D7DBE0091E8C8 /* UIKit.framework in Frameworks */ = {isa = PBXBuildFile; fileRef = E67D9343187D7DBE0091E8C8 /* UIKit.framework */; };
		E67D934A187D7DBE0091E8C8 /* InfoPlist.strings in Resources */ = {isa = PBXBuildFile; fileRef = E67D9348187D7DBE0091E8C8 /* InfoPlist.strings */; };
		E67D934C187D7DBE0091E8C8 /* main.m in Sources */ = {isa = PBXBuildFile; fileRef = E67D934B187D7DBE0091E8C8 /* main.m */; };
		E67D9350187D7DBE0091E8C8 /* AppDelegate.m in Sources */ = {isa = PBXBuildFile; fileRef = E67D934F187D7DBE0091E8C8 /* AppDelegate.m */; };
		E67D9352187D7DBE0091E8C8 /* Images.xcassets in Resources */ = {isa = PBXBuildFile; fileRef = E67D9351187D7DBE0091E8C8 /* Images.xcassets */; };
		E67D9359187D7DBE0091E8C8 /* XCTest.framework in Frameworks */ = {isa = PBXBuildFile; fileRef = E67D9358187D7DBE0091E8C8 /* XCTest.framework */; };
		E67D935A187D7DBE0091E8C8 /* Foundation.framework in Frameworks */ = {isa = PBXBuildFile; fileRef = E67D933F187D7DBE0091E8C8 /* Foundation.framework */; };
		E67D935B187D7DBE0091E8C8 /* UIKit.framework in Frameworks */ = {isa = PBXBuildFile; fileRef = E67D9343187D7DBE0091E8C8 /* UIKit.framework */; };
		E67D9363187D7DBE0091E8C8 /* InfoPlist.strings in Resources */ = {isa = PBXBuildFile; fileRef = E67D9361187D7DBE0091E8C8 /* InfoPlist.strings */; };
		E67D9365187D7DBE0091E8C8 /* NSUrlConnectionTests.m in Sources */ = {isa = PBXBuildFile; fileRef = E67D9364187D7DBE0091E8C8 /* NSUrlConnectionTests.m */; };
		E67D936F187D807D0091E8C8 /* Storyboard.storyboard in Resources */ = {isa = PBXBuildFile; fileRef = E67D936E187D807D0091E8C8 /* Storyboard.storyboard */; };
		E67D9372187D80DA0091E8C8 /* MainViewController.m in Sources */ = {isa = PBXBuildFile; fileRef = E67D9371187D80DA0091E8C8 /* MainViewController.m */; };
		E686B60E18B3A2930002B64D /* MyInterface.m in Sources */ = {isa = PBXBuildFile; fileRef = E686B60D18B3A2930002B64D /* MyInterface.m */; };
/* End PBXBuildFile section */

/* Begin PBXContainerItemProxy section */
		E67D935C187D7DBE0091E8C8 /* PBXContainerItemProxy */ = {
			isa = PBXContainerItemProxy;
			containerPortal = E67D9334187D7DBE0091E8C8 /* Project object */;
			proxyType = 1;
			remoteGlobalIDString = E67D933B187D7DBE0091E8C8;
			remoteInfo = NSUrlConnection;
		};
/* End PBXContainerItemProxy section */

/* Begin PBXFileReference section */
		E67D933C187D7DBE0091E8C8 /* NSUrlConnection.app */ = {isa = PBXFileReference; explicitFileType = wrapper.application; includeInIndex = 0; path = NSUrlConnection.app; sourceTree = BUILT_PRODUCTS_DIR; };
		E67D933F187D7DBE0091E8C8 /* Foundation.framework */ = {isa = PBXFileReference; lastKnownFileType = wrapper.framework; name = Foundation.framework; path = System/Library/Frameworks/Foundation.framework; sourceTree = SDKROOT; };
		E67D9341187D7DBE0091E8C8 /* CoreGraphics.framework */ = {isa = PBXFileReference; lastKnownFileType = wrapper.framework; name = CoreGraphics.framework; path = System/Library/Frameworks/CoreGraphics.framework; sourceTree = SDKROOT; };
		E67D9343187D7DBE0091E8C8 /* UIKit.framework */ = {isa = PBXFileReference; lastKnownFileType = wrapper.framework; name = UIKit.framework; path = System/Library/Frameworks/UIKit.framework; sourceTree = SDKROOT; };
		E67D9347187D7DBE0091E8C8 /* NSUrlConnection-Info.plist */ = {isa = PBXFileReference; lastKnownFileType = text.plist.xml; path = "NSUrlConnection-Info.plist"; sourceTree = "<group>"; };
		E67D9349187D7DBE0091E8C8 /* en */ = {isa = PBXFileReference; lastKnownFileType = text.plist.strings; name = en; path = en.lproj/InfoPlist.strings; sourceTree = "<group>"; };
		E67D934B187D7DBE0091E8C8 /* main.m */ = {isa = PBXFileReference; lastKnownFileType = sourcecode.c.objc; path = main.m; sourceTree = "<group>"; };
		E67D934D187D7DBE0091E8C8 /* NSUrlConnection-Prefix.pch */ = {isa = PBXFileReference; lastKnownFileType = sourcecode.c.h; path = "NSUrlConnection-Prefix.pch"; sourceTree = "<group>"; };
		E67D934E187D7DBE0091E8C8 /* AppDelegate.h */ = {isa = PBXFileReference; lastKnownFileType = sourcecode.c.h; path = AppDelegate.h; sourceTree = "<group>"; };
		E67D934F187D7DBE0091E8C8 /* AppDelegate.m */ = {isa = PBXFileReference; lastKnownFileType = sourcecode.c.objc; path = AppDelegate.m; sourceTree = "<group>"; };
		E67D9351187D7DBE0091E8C8 /* Images.xcassets */ = {isa = PBXFileReference; lastKnownFileType = folder.assetcatalog; path = Images.xcassets; sourceTree = "<group>"; };
		E67D9357187D7DBE0091E8C8 /* NSUrlConnectionTests.xctest */ = {isa = PBXFileReference; explicitFileType = wrapper.cfbundle; includeInIndex = 0; path = NSUrlConnectionTests.xctest; sourceTree = BUILT_PRODUCTS_DIR; };
		E67D9358187D7DBE0091E8C8 /* XCTest.framework */ = {isa = PBXFileReference; lastKnownFileType = wrapper.framework; name = XCTest.framework; path = Library/Frameworks/XCTest.framework; sourceTree = DEVELOPER_DIR; };
		E67D9360187D7DBE0091E8C8 /* NSUrlConnectionTests-Info.plist */ = {isa = PBXFileReference; lastKnownFileType = text.plist.xml; path = "NSUrlConnectionTests-Info.plist"; sourceTree = "<group>"; };
		E67D9362187D7DBE0091E8C8 /* en */ = {isa = PBXFileReference; lastKnownFileType = text.plist.strings; name = en; path = en.lproj/InfoPlist.strings; sourceTree = "<group>"; };
		E67D9364187D7DBE0091E8C8 /* NSUrlConnectionTests.m */ = {isa = PBXFileReference; lastKnownFileType = sourcecode.c.objc; path = NSUrlConnectionTests.m; sourceTree = "<group>"; };
		E67D936E187D807D0091E8C8 /* Storyboard.storyboard */ = {isa = PBXFileReference; fileEncoding = 4; lastKnownFileType = file.storyboard; path = Storyboard.storyboard; sourceTree = "<group>"; };
		E67D9370187D80DA0091E8C8 /* MainViewController.h */ = {isa = PBXFileReference; fileEncoding = 4; lastKnownFileType = sourcecode.c.h; path = MainViewController.h; sourceTree = "<group>"; };
		E67D9371187D80DA0091E8C8 /* MainViewController.m */ = {isa = PBXFileReference; fileEncoding = 4; lastKnownFileType = sourcecode.c.objc; path = MainViewController.m; sourceTree = "<group>"; };
		E686B60B18B369C40002B64D /* MyProtocol.h */ = {isa = PBXFileReference; lastKnownFileType = sourcecode.c.h; path = MyProtocol.h; sourceTree = "<group>"; };
		E686B60C18B3A2930002B64D /* MyInterface.h */ = {isa = PBXFileReference; fileEncoding = 4; lastKnownFileType = sourcecode.c.h; path = MyInterface.h; sourceTree = "<group>"; };
		E686B60D18B3A2930002B64D /* MyInterface.m */ = {isa = PBXFileReference; fileEncoding = 4; lastKnownFileType = sourcecode.c.objc; path = MyInterface.m; sourceTree = "<group>"; };
/* End PBXFileReference section */

/* Begin PBXFrameworksBuildPhase section */
		E67D9339187D7DBE0091E8C8 /* Frameworks */ = {
			isa = PBXFrameworksBuildPhase;
			buildActionMask = 2147483647;
			files = (
				E67D9342187D7DBE0091E8C8 /* CoreGraphics.framework in Frameworks */,
				E67D9344187D7DBE0091E8C8 /* UIKit.framework in Frameworks */,
				E67D9340187D7DBE0091E8C8 /* Foundation.framework in Frameworks */,
			);
			runOnlyForDeploymentPostprocessing = 0;
		};
		E67D9354187D7DBE0091E8C8 /* Frameworks */ = {
			isa = PBXFrameworksBuildPhase;
			buildActionMask = 2147483647;
			files = (
				E67D9359187D7DBE0091E8C8 /* XCTest.framework in Frameworks */,
				E67D935B187D7DBE0091E8C8 /* UIKit.framework in Frameworks */,
				E67D935A187D7DBE0091E8C8 /* Foundation.framework in Frameworks */,
			);
			runOnlyForDeploymentPostprocessing = 0;
		};
/* End PBXFrameworksBuildPhase section */

/* Begin PBXGroup section */
		E67D9333187D7DBE0091E8C8 = {
			isa = PBXGroup;
			children = (
				E67D9345187D7DBE0091E8C8 /* NSUrlConnection */,
				E67D935E187D7DBE0091E8C8 /* NSUrlConnectionTests */,
				E67D933E187D7DBE0091E8C8 /* Frameworks */,
				E67D933D187D7DBE0091E8C8 /* Products */,
			);
			sourceTree = "<group>";
		};
		E67D933D187D7DBE0091E8C8 /* Products */ = {
			isa = PBXGroup;
			children = (
				E67D933C187D7DBE0091E8C8 /* NSUrlConnection.app */,
				E67D9357187D7DBE0091E8C8 /* NSUrlConnectionTests.xctest */,
			);
			name = Products;
			sourceTree = "<group>";
		};
		E67D933E187D7DBE0091E8C8 /* Frameworks */ = {
			isa = PBXGroup;
			children = (
				E67D933F187D7DBE0091E8C8 /* Foundation.framework */,
				E67D9341187D7DBE0091E8C8 /* CoreGraphics.framework */,
				E67D9343187D7DBE0091E8C8 /* UIKit.framework */,
				E67D9358187D7DBE0091E8C8 /* XCTest.framework */,
			);
			name = Frameworks;
			sourceTree = "<group>";
		};
		E67D9345187D7DBE0091E8C8 /* NSUrlConnection */ = {
			isa = PBXGroup;
			children = (
				E67D934E187D7DBE0091E8C8 /* AppDelegate.h */,
				E67D934F187D7DBE0091E8C8 /* AppDelegate.m */,
				E67D936E187D807D0091E8C8 /* Storyboard.storyboard */,
				E67D9351187D7DBE0091E8C8 /* Images.xcassets */,
				E67D9346187D7DBE0091E8C8 /* Supporting Files */,
				E67D9370187D80DA0091E8C8 /* MainViewController.h */,
				E67D9371187D80DA0091E8C8 /* MainViewController.m */,
				E686B60B18B369C40002B64D /* MyProtocol.h */,
				E686B60C18B3A2930002B64D /* MyInterface.h */,
				E686B60D18B3A2930002B64D /* MyInterface.m */,
			);
			path = NSUrlConnection;
			sourceTree = "<group>";
		};
		E67D9346187D7DBE0091E8C8 /* Supporting Files */ = {
			isa = PBXGroup;
			children = (
				E67D9347187D7DBE0091E8C8 /* NSUrlConnection-Info.plist */,
				E67D9348187D7DBE0091E8C8 /* InfoPlist.strings */,
				E67D934B187D7DBE0091E8C8 /* main.m */,
				E67D934D187D7DBE0091E8C8 /* NSUrlConnection-Prefix.pch */,
			);
			name = "Supporting Files";
			sourceTree = "<group>";
		};
		E67D935E187D7DBE0091E8C8 /* NSUrlConnectionTests */ = {
			isa = PBXGroup;
			children = (
				E67D9364187D7DBE0091E8C8 /* NSUrlConnectionTests.m */,
				E67D935F187D7DBE0091E8C8 /* Supporting Files */,
			);
			path = NSUrlConnectionTests;
			sourceTree = "<group>";
		};
		E67D935F187D7DBE0091E8C8 /* Supporting Files */ = {
			isa = PBXGroup;
			children = (
				E67D9360187D7DBE0091E8C8 /* NSUrlConnectionTests-Info.plist */,
				E67D9361187D7DBE0091E8C8 /* InfoPlist.strings */,
			);
			name = "Supporting Files";
			sourceTree = "<group>";
		};
/* End PBXGroup section */

/* Begin PBXNativeTarget section */
		E67D933B187D7DBE0091E8C8 /* NSUrlConnection */ = {
			isa = PBXNativeTarget;
			buildConfigurationList = E67D9368187D7DBE0091E8C8 /* Build configuration list for PBXNativeTarget "NSUrlConnection" */;
			buildPhases = (
				E67D9338187D7DBE0091E8C8 /* Sources */,
				E67D9339187D7DBE0091E8C8 /* Frameworks */,
				E67D933A187D7DBE0091E8C8 /* Resources */,
			);
			buildRules = (
			);
			dependencies = (
			);
			name = NSUrlConnection;
			productName = NSUrlConnection;
			productReference = E67D933C187D7DBE0091E8C8 /* NSUrlConnection.app */;
			productType = "com.apple.product-type.application";
		};
		E67D9356187D7DBE0091E8C8 /* NSUrlConnectionTests */ = {
			isa = PBXNativeTarget;
			buildConfigurationList = E67D936B187D7DBE0091E8C8 /* Build configuration list for PBXNativeTarget "NSUrlConnectionTests" */;
			buildPhases = (
				E67D9353187D7DBE0091E8C8 /* Sources */,
				E67D9354187D7DBE0091E8C8 /* Frameworks */,
				E67D9355187D7DBE0091E8C8 /* Resources */,
			);
			buildRules = (
			);
			dependencies = (
				E67D935D187D7DBE0091E8C8 /* PBXTargetDependency */,
			);
			name = NSUrlConnectionTests;
			productName = NSUrlConnectionTests;
			productReference = E67D9357187D7DBE0091E8C8 /* NSUrlConnectionTests.xctest */;
			productType = "com.apple.product-type.bundle.unit-test";
		};
/* End PBXNativeTarget section */

/* Begin PBXProject section */
		E67D9334187D7DBE0091E8C8 /* Project object */ = {
			isa = PBXProject;
			attributes = {
				LastUpgradeCheck = 0500;
				ORGANIZATIONNAME = "Nikolay Shatilo";
				TargetAttributes = {
					E67D9356187D7DBE0091E8C8 = {
						TestTargetID = E67D933B187D7DBE0091E8C8;
					};
				};
			};
			buildConfigurationList = E67D9337187D7DBE0091E8C8 /* Build configuration list for PBXProject "NSUrlConnection" */;
			compatibilityVersion = "Xcode 3.2";
			developmentRegion = English;
			hasScannedForEncodings = 0;
			knownRegions = (
				en,
			);
			mainGroup = E67D9333187D7DBE0091E8C8;
			productRefGroup = E67D933D187D7DBE0091E8C8 /* Products */;
			projectDirPath = "";
			projectRoot = "";
			targets = (
				E67D933B187D7DBE0091E8C8 /* NSUrlConnection */,
				E67D9356187D7DBE0091E8C8 /* NSUrlConnectionTests */,
			);
		};
/* End PBXProject section */

/* Begin PBXResourcesBuildPhase section */
		E67D933A187D7DBE0091E8C8 /* Resources */ = {
			isa = PBXResourcesBuildPhase;
			buildActionMask = 2147483647;
			files = (
				E67D934A187D7DBE0091E8C8 /* InfoPlist.strings in Resources */,
				E67D9352187D7DBE0091E8C8 /* Images.xcassets in Resources */,
				E67D936F187D807D0091E8C8 /* Storyboard.storyboard in Resources */,
			);
			runOnlyForDeploymentPostprocessing = 0;
		};
		E67D9355187D7DBE0091E8C8 /* Resources */ = {
			isa = PBXResourcesBuildPhase;
			buildActionMask = 2147483647;
			files = (
				E67D9363187D7DBE0091E8C8 /* InfoPlist.strings in Resources */,
			);
			runOnlyForDeploymentPostprocessing = 0;
		};
/* End PBXResourcesBuildPhase section */

/* Begin PBXSourcesBuildPhase section */
		E67D9338187D7DBE0091E8C8 /* Sources */ = {
			isa = PBXSourcesBuildPhase;
			buildActionMask = 2147483647;
			files = (
				E67D9350187D7DBE0091E8C8 /* AppDelegate.m in Sources */,
				E67D9372187D80DA0091E8C8 /* MainViewController.m in Sources */,
				E67D934C187D7DBE0091E8C8 /* main.m in Sources */,
				E686B60E18B3A2930002B64D /* MyInterface.m in Sources */,
			);
			runOnlyForDeploymentPostprocessing = 0;
		};
		E67D9353187D7DBE0091E8C8 /* Sources */ = {
			isa = PBXSourcesBuildPhase;
			buildActionMask = 2147483647;
			files = (
				E67D9365187D7DBE0091E8C8 /* NSUrlConnectionTests.m in Sources */,
			);
			runOnlyForDeploymentPostprocessing = 0;
		};
/* End PBXSourcesBuildPhase section */

/* Begin PBXTargetDependency section */
		E67D935D187D7DBE0091E8C8 /* PBXTargetDependency */ = {
			isa = PBXTargetDependency;
			target = E67D933B187D7DBE0091E8C8 /* NSUrlConnection */;
			targetProxy = E67D935C187D7DBE0091E8C8 /* PBXContainerItemProxy */;
		};
/* End PBXTargetDependency section */

/* Begin PBXVariantGroup section */
		E67D9348187D7DBE0091E8C8 /* InfoPlist.strings */ = {
			isa = PBXVariantGroup;
			children = (
				E67D9349187D7DBE0091E8C8 /* en */,
			);
			name = InfoPlist.strings;
			sourceTree = "<group>";
		};
		E67D9361187D7DBE0091E8C8 /* InfoPlist.strings */ = {
			isa = PBXVariantGroup;
			children = (
				E67D9362187D7DBE0091E8C8 /* en */,
			);
			name = InfoPlist.strings;
			sourceTree = "<group>";
		};
/* End PBXVariantGroup section */

/* Begin XCBuildConfiguration section */
		E67D9366187D7DBE0091E8C8 /* Debug */ = {
			isa = XCBuildConfiguration;
			buildSettings = {
				ALWAYS_SEARCH_USER_PATHS = NO;
				ARCHS = "$(ARCHS_STANDARD_INCLUDING_64_BIT)";
				CLANG_CXX_LANGUAGE_STANDARD = "gnu++0x";
				CLANG_CXX_LIBRARY = "libc++";
				CLANG_ENABLE_MODULES = YES;
				CLANG_ENABLE_OBJC_ARC = YES;
				CLANG_WARN_BOOL_CONVERSION = YES;
				CLANG_WARN_CONSTANT_CONVERSION = YES;
				CLANG_WARN_DIRECT_OBJC_ISA_USAGE = YES_ERROR;
				CLANG_WARN_EMPTY_BODY = YES;
				CLANG_WARN_ENUM_CONVERSION = YES;
				CLANG_WARN_INT_CONVERSION = YES;
				CLANG_WARN_OBJC_ROOT_CLASS = YES_ERROR;
				CLANG_WARN__DUPLICATE_METHOD_MATCH = YES;
				"CODE_SIGN_IDENTITY[sdk=iphoneos*]" = "iPhone Developer";
				COPY_PHASE_STRIP = NO;
				GCC_C_LANGUAGE_STANDARD = gnu99;
				GCC_DYNAMIC_NO_PIC = NO;
				GCC_OPTIMIZATION_LEVEL = 0;
				GCC_PREPROCESSOR_DEFINITIONS = (
					"DEBUG=1",
					"$(inherited)",
				);
				GCC_SYMBOLS_PRIVATE_EXTERN = NO;
				GCC_WARN_64_TO_32_BIT_CONVERSION = YES;
				GCC_WARN_ABOUT_RETURN_TYPE = YES_ERROR;
				GCC_WARN_UNDECLARED_SELECTOR = YES;
				GCC_WARN_UNINITIALIZED_AUTOS = YES;
				GCC_WARN_UNUSED_FUNCTION = YES;
				GCC_WARN_UNUSED_VARIABLE = YES;
				IPHONEOS_DEPLOYMENT_TARGET = 7.0;
				ONLY_ACTIVE_ARCH = YES;
				SDKROOT = iphoneos;
			};
			name = Debug;
		};
		E67D9367187D7DBE0091E8C8 /* Release */ = {
			isa = XCBuildConfiguration;
			buildSettings = {
				ALWAYS_SEARCH_USER_PATHS = NO;
				ARCHS = "$(ARCHS_STANDARD_INCLUDING_64_BIT)";
				CLANG_CXX_LANGUAGE_STANDARD = "gnu++0x";
				CLANG_CXX_LIBRARY = "libc++";
				CLANG_ENABLE_MODULES = YES;
				CLANG_ENABLE_OBJC_ARC = YES;
				CLANG_WARN_BOOL_CONVERSION = YES;
				CLANG_WARN_CONSTANT_CONVERSION = YES;
				CLANG_WARN_DIRECT_OBJC_ISA_USAGE = YES_ERROR;
				CLANG_WARN_EMPTY_BODY = YES;
				CLANG_WARN_ENUM_CONVERSION = YES;
				CLANG_WARN_INT_CONVERSION = YES;
				CLANG_WARN_OBJC_ROOT_CLASS = YES_ERROR;
				CLANG_WARN__DUPLICATE_METHOD_MATCH = YES;
				"CODE_SIGN_IDENTITY[sdk=iphoneos*]" = "iPhone Developer";
				COPY_PHASE_STRIP = YES;
				ENABLE_NS_ASSERTIONS = NO;
				GCC_C_LANGUAGE_STANDARD = gnu99;
				GCC_WARN_64_TO_32_BIT_CONVERSION = YES;
				GCC_WARN_ABOUT_RETURN_TYPE = YES_ERROR;
				GCC_WARN_UNDECLARED_SELECTOR = YES;
				GCC_WARN_UNINITIALIZED_AUTOS = YES;
				GCC_WARN_UNUSED_FUNCTION = YES;
				GCC_WARN_UNUSED_VARIABLE = YES;
				IPHONEOS_DEPLOYMENT_TARGET = 7.0;
				SDKROOT = iphoneos;
				VALIDATE_PRODUCT = YES;
			};
			name = Release;
		};
		E67D9369187D7DBE0091E8C8 /* Debug */ = {
			isa = XCBuildConfiguration;
			buildSettings = {
				ASSETCATALOG_COMPILER_APPICON_NAME = AppIcon;
				ASSETCATALOG_COMPILER_LAUNCHIMAGE_NAME = LaunchImage;
				GCC_PRECOMPILE_PREFIX_HEADER = YES;
				GCC_PREFIX_HEADER = "NSUrlConnection/NSUrlConnection-Prefix.pch";
				INFOPLIST_FILE = "NSUrlConnection/NSUrlConnection-Info.plist";
				PRODUCT_NAME = "$(TARGET_NAME)";
				WRAPPER_EXTENSION = app;
			};
			name = Debug;
		};
		E67D936A187D7DBE0091E8C8 /* Release */ = {
			isa = XCBuildConfiguration;
			buildSettings = {
				ASSETCATALOG_COMPILER_APPICON_NAME = AppIcon;
				ASSETCATALOG_COMPILER_LAUNCHIMAGE_NAME = LaunchImage;
				GCC_PRECOMPILE_PREFIX_HEADER = YES;
				GCC_PREFIX_HEADER = "NSUrlConnection/NSUrlConnection-Prefix.pch";
				INFOPLIST_FILE = "NSUrlConnection/NSUrlConnection-Info.plist";
				PRODUCT_NAME = "$(TARGET_NAME)";
				WRAPPER_EXTENSION = app;
			};
			name = Release;
		};
		E67D936C187D7DBE0091E8C8 /* Debug */ = {
			isa = XCBuildConfiguration;
			buildSettings = {
				ARCHS = "$(ARCHS_STANDARD_INCLUDING_64_BIT)";
				BUNDLE_LOADER = "$(BUILT_PRODUCTS_DIR)/NSUrlConnection.app/NSUrlConnection";
				FRAMEWORK_SEARCH_PATHS = (
					"$(SDKROOT)/Developer/Library/Frameworks",
					"$(inherited)",
					"$(DEVELOPER_FRAMEWORKS_DIR)",
				);
				GCC_PRECOMPILE_PREFIX_HEADER = YES;
				GCC_PREFIX_HEADER = "NSUrlConnection/NSUrlConnection-Prefix.pch";
				GCC_PREPROCESSOR_DEFINITIONS = (
					"DEBUG=1",
					"$(inherited)",
				);
				INFOPLIST_FILE = "NSUrlConnectionTests/NSUrlConnectionTests-Info.plist";
				PRODUCT_NAME = "$(TARGET_NAME)";
				TEST_HOST = "$(BUNDLE_LOADER)";
				WRAPPER_EXTENSION = xctest;
			};
			name = Debug;
		};
		E67D936D187D7DBE0091E8C8 /* Release */ = {
			isa = XCBuildConfiguration;
			buildSettings = {
				ARCHS = "$(ARCHS_STANDARD_INCLUDING_64_BIT)";
				BUNDLE_LOADER = "$(BUILT_PRODUCTS_DIR)/NSUrlConnection.app/NSUrlConnection";
				FRAMEWORK_SEARCH_PATHS = (
					"$(SDKROOT)/Developer/Library/Frameworks",
					"$(inherited)",
					"$(DEVELOPER_FRAMEWORKS_DIR)",
				);
				GCC_PRECOMPILE_PREFIX_HEADER = YES;
				GCC_PREFIX_HEADER = "NSUrlConnection/NSUrlConnection-Prefix.pch";
				INFOPLIST_FILE = "NSUrlConnectionTests/NSUrlConnectionTests-Info.plist";
				PRODUCT_NAME = "$(TARGET_NAME)";
				TEST_HOST = "$(BUNDLE_LOADER)";
				WRAPPER_EXTENSION = xctest;
			};
			name = Release;
		};
/* End XCBuildConfiguration section */

/* Begin XCConfigurationList section */
		E67D9337187D7DBE0091E8C8 /* Build configuration list for PBXProject "NSUrlConnection" */ = {
			isa = XCConfigurationList;
			buildConfigurations = (
				E67D9366187D7DBE0091E8C8 /* Debug */,
				E67D9367187D7DBE0091E8C8 /* Release */,
			);
			defaultConfigurationIsVisible = 0;
			defaultConfigurationName = Release;
		};
		E67D9368187D7DBE0091E8C8 /* Build configuration list for PBXNativeTarget "NSUrlConnection" */ = {
			isa = XCConfigurationList;
			buildConfigurations = (
				E67D9369187D7DBE0091E8C8 /* Debug */,
				E67D936A187D7DBE0091E8C8 /* Release */,
			);
			defaultConfigurationIsVisible = 0;
			defaultConfigurationName = Release;
		};
		E67D936B187D7DBE0091E8C8 /* Build configuration list for PBXNativeTarget "NSUrlConnectionTests" */ = {
			isa = XCConfigurationList;
			buildConfigurations = (
				E67D936C187D7DBE0091E8C8 /* Debug */,
				E67D936D187D7DBE0091E8C8 /* Release */,
			);
			defaultConfigurationIsVisible = 0;
			defaultConfigurationName = Release;
		};
/* End XCConfigurationList section */
	};
	rootObject = E67D9334187D7DBE0091E8C8 /* Project object */;
}
