// !$*UTF8*$!
{
	archiveVersion = 1;
	classes = {
	};
	objectVersion = 46;
	objects = {

/* Begin PBXBuildFile section */
		E62FE0B018D8E7A100D29949 /* Foundation.framework in Frameworks */ = {isa = PBXBuildFile; fileRef = E62FE0AF18D8E7A100D29949 /* Foundation.framework */; };
		E62FE0B218D8E7A100D29949 /* CoreGraphics.framework in Frameworks */ = {isa = PBXBuildFile; fileRef = E62FE0B118D8E7A100D29949 /* CoreGraphics.framework */; };
		E62FE0B418D8E7A100D29949 /* UIKit.framework in Frameworks */ = {isa = PBXBuildFile; fileRef = E62FE0B318D8E7A100D29949 /* UIKit.framework */; };
		E62FE0BA18D8E7A100D29949 /* InfoPlist.strings in Resources */ = {isa = PBXBuildFile; fileRef = E62FE0B818D8E7A100D29949 /* InfoPlist.strings */; };
		E62FE0BC18D8E7A100D29949 /* main.m in Sources */ = {isa = PBXBuildFile; fileRef = E62FE0BB18D8E7A100D29949 /* main.m */; };
		E62FE0C018D8E7A100D29949 /* AppDelegate.m in Sources */ = {isa = PBXBuildFile; fileRef = E62FE0BF18D8E7A100D29949 /* AppDelegate.m */; };
		E62FE0C318D8E7A100D29949 /* Main.storyboard in Resources */ = {isa = PBXBuildFile; fileRef = E62FE0C118D8E7A100D29949 /* Main.storyboard */; };
		E62FE0C618D8E7A100D29949 /* ViewController.m in Sources */ = {isa = PBXBuildFile; fileRef = E62FE0C518D8E7A100D29949 /* ViewController.m */; };
		E62FE0C818D8E7A100D29949 /* Images.xcassets in Resources */ = {isa = PBXBuildFile; fileRef = E62FE0C718D8E7A100D29949 /* Images.xcassets */; };
		E62FE0CF18D8E7A200D29949 /* XCTest.framework in Frameworks */ = {isa = PBXBuildFile; fileRef = E62FE0CE18D8E7A200D29949 /* XCTest.framework */; };
		E62FE0D018D8E7A200D29949 /* Foundation.framework in Frameworks */ = {isa = PBXBuildFile; fileRef = E62FE0AF18D8E7A100D29949 /* Foundation.framework */; };
		E62FE0D118D8E7A200D29949 /* UIKit.framework in Frameworks */ = {isa = PBXBuildFile; fileRef = E62FE0B318D8E7A100D29949 /* UIKit.framework */; };
		E62FE0D918D8E7A200D29949 /* InfoPlist.strings in Resources */ = {isa = PBXBuildFile; fileRef = E62FE0D718D8E7A200D29949 /* InfoPlist.strings */; };
		E62FE0DB18D8E7A200D29949 /* RssReaderTests.m in Sources */ = {isa = PBXBuildFile; fileRef = E62FE0DA18D8E7A200D29949 /* RssReaderTests.m */; };
		E62FE10A18D8E7E400D29949 /* AFHTTPRequestOperation.m in Sources */ = {isa = PBXBuildFile; fileRef = E62FE0E618D8E7E400D29949 /* AFHTTPRequestOperation.m */; };
		E62FE10B18D8E7E400D29949 /* AFHTTPRequestOperationManager.m in Sources */ = {isa = PBXBuildFile; fileRef = E62FE0E818D8E7E400D29949 /* AFHTTPRequestOperationManager.m */; };
		E62FE10C18D8E7E400D29949 /* AFHTTPSessionManager.m in Sources */ = {isa = PBXBuildFile; fileRef = E62FE0EA18D8E7E400D29949 /* AFHTTPSessionManager.m */; };
		E62FE10D18D8E7E400D29949 /* AFNetworkReachabilityManager.m in Sources */ = {isa = PBXBuildFile; fileRef = E62FE0ED18D8E7E400D29949 /* AFNetworkReachabilityManager.m */; };
		E62FE10E18D8E7E400D29949 /* AFSecurityPolicy.m in Sources */ = {isa = PBXBuildFile; fileRef = E62FE0EF18D8E7E400D29949 /* AFSecurityPolicy.m */; };
		E62FE10F18D8E7E400D29949 /* AFURLConnectionOperation.m in Sources */ = {isa = PBXBuildFile; fileRef = E62FE0F118D8E7E400D29949 /* AFURLConnectionOperation.m */; };
		E62FE11018D8E7E400D29949 /* AFURLRequestSerialization.m in Sources */ = {isa = PBXBuildFile; fileRef = E62FE0F318D8E7E400D29949 /* AFURLRequestSerialization.m */; };
		E62FE11118D8E7E400D29949 /* AFURLResponseSerialization.m in Sources */ = {isa = PBXBuildFile; fileRef = E62FE0F518D8E7E400D29949 /* AFURLResponseSerialization.m */; };
		E62FE11218D8E7E400D29949 /* AFURLSessionManager.m in Sources */ = {isa = PBXBuildFile; fileRef = E62FE0F718D8E7E400D29949 /* AFURLSessionManager.m */; };
		E62FE11318D8E7E400D29949 /* AFNetworkActivityIndicatorManager.m in Sources */ = {isa = PBXBuildFile; fileRef = E62FE0FA18D8E7E400D29949 /* AFNetworkActivityIndicatorManager.m */; };
		E62FE11418D8E7E400D29949 /* UIActivityIndicatorView+AFNetworking.m in Sources */ = {isa = PBXBuildFile; fileRef = E62FE0FC18D8E7E400D29949 /* UIActivityIndicatorView+AFNetworking.m */; };
		E62FE11518D8E7E400D29949 /* UIAlertView+AFNetworking.m in Sources */ = {isa = PBXBuildFile; fileRef = E62FE0FE18D8E7E400D29949 /* UIAlertView+AFNetworking.m */; };
		E62FE11618D8E7E400D29949 /* UIButton+AFNetworking.m in Sources */ = {isa = PBXBuildFile; fileRef = E62FE10018D8E7E400D29949 /* UIButton+AFNetworking.m */; };
		E62FE11718D8E7E400D29949 /* UIImageView+AFNetworking.m in Sources */ = {isa = PBXBuildFile; fileRef = E62FE10218D8E7E400D29949 /* UIImageView+AFNetworking.m */; };
		E62FE11818D8E7E400D29949 /* UIProgressView+AFNetworking.m in Sources */ = {isa = PBXBuildFile; fileRef = E62FE10518D8E7E400D29949 /* UIProgressView+AFNetworking.m */; };
		E62FE11918D8E7E400D29949 /* UIRefreshControl+AFNetworking.m in Sources */ = {isa = PBXBuildFile; fileRef = E62FE10718D8E7E400D29949 /* UIRefreshControl+AFNetworking.m */; };
		E62FE11A18D8E7E400D29949 /* UIWebView+AFNetworking.m in Sources */ = {isa = PBXBuildFile; fileRef = E62FE10918D8E7E400D29949 /* UIWebView+AFNetworking.m */; };
		E62FE11D18D8EDE400D29949 /* RssParser.m in Sources */ = {isa = PBXBuildFile; fileRef = E62FE11C18D8EDE400D29949 /* RssParser.m */; };
		E62FE12018DB818A00D29949 /* NewsItem.m in Sources */ = {isa = PBXBuildFile; fileRef = E62FE11F18DB818A00D29949 /* NewsItem.m */; };
		E62FE12318DB88D000D29949 /* RssManager.m in Sources */ = {isa = PBXBuildFile; fileRef = E62FE12218DB88D000D29949 /* RssManager.m */; };
		E6A5917E18DC8BC2004056E2 /* WebViewController.m in Sources */ = {isa = PBXBuildFile; fileRef = E6A5917D18DC8BC2004056E2 /* WebViewController.m */; };
/* End PBXBuildFile section */

/* Begin PBXContainerItemProxy section */
		E62FE0D218D8E7A200D29949 /* PBXContainerItemProxy */ = {
			isa = PBXContainerItemProxy;
			containerPortal = E62FE0A418D8E7A100D29949 /* Project object */;
			proxyType = 1;
			remoteGlobalIDString = E62FE0AB18D8E7A100D29949;
			remoteInfo = RssReader;
		};
/* End PBXContainerItemProxy section */

/* Begin PBXFileReference section */
		E62FE0AC18D8E7A100D29949 /* RssReader.app */ = {isa = PBXFileReference; explicitFileType = wrapper.application; includeInIndex = 0; path = RssReader.app; sourceTree = BUILT_PRODUCTS_DIR; };
		E62FE0AF18D8E7A100D29949 /* Foundation.framework */ = {isa = PBXFileReference; lastKnownFileType = wrapper.framework; name = Foundation.framework; path = System/Library/Frameworks/Foundation.framework; sourceTree = SDKROOT; };
		E62FE0B118D8E7A100D29949 /* CoreGraphics.framework */ = {isa = PBXFileReference; lastKnownFileType = wrapper.framework; name = CoreGraphics.framework; path = System/Library/Frameworks/CoreGraphics.framework; sourceTree = SDKROOT; };
		E62FE0B318D8E7A100D29949 /* UIKit.framework */ = {isa = PBXFileReference; lastKnownFileType = wrapper.framework; name = UIKit.framework; path = System/Library/Frameworks/UIKit.framework; sourceTree = SDKROOT; };
		E62FE0B718D8E7A100D29949 /* RssReader-Info.plist */ = {isa = PBXFileReference; lastKnownFileType = text.plist.xml; path = "RssReader-Info.plist"; sourceTree = "<group>"; };
		E62FE0B918D8E7A100D29949 /* en */ = {isa = PBXFileReference; lastKnownFileType = text.plist.strings; name = en; path = en.lproj/InfoPlist.strings; sourceTree = "<group>"; };
		E62FE0BB18D8E7A100D29949 /* main.m */ = {isa = PBXFileReference; lastKnownFileType = sourcecode.c.objc; path = main.m; sourceTree = "<group>"; };
		E62FE0BD18D8E7A100D29949 /* RssReader-Prefix.pch */ = {isa = PBXFileReference; lastKnownFileType = sourcecode.c.h; path = "RssReader-Prefix.pch"; sourceTree = "<group>"; };
		E62FE0BE18D8E7A100D29949 /* AppDelegate.h */ = {isa = PBXFileReference; lastKnownFileType = sourcecode.c.h; path = AppDelegate.h; sourceTree = "<group>"; };
		E62FE0BF18D8E7A100D29949 /* AppDelegate.m */ = {isa = PBXFileReference; lastKnownFileType = sourcecode.c.objc; path = AppDelegate.m; sourceTree = "<group>"; };
		E62FE0C218D8E7A100D29949 /* Base */ = {isa = PBXFileReference; lastKnownFileType = file.storyboard; name = Base; path = Base.lproj/Main.storyboard; sourceTree = "<group>"; };
		E62FE0C418D8E7A100D29949 /* ViewController.h */ = {isa = PBXFileReference; lastKnownFileType = sourcecode.c.h; path = ViewController.h; sourceTree = "<group>"; };
		E62FE0C518D8E7A100D29949 /* ViewController.m */ = {isa = PBXFileReference; lastKnownFileType = sourcecode.c.objc; path = ViewController.m; sourceTree = "<group>"; };
		E62FE0C718D8E7A100D29949 /* Images.xcassets */ = {isa = PBXFileReference; lastKnownFileType = folder.assetcatalog; path = Images.xcassets; sourceTree = "<group>"; };
		E62FE0CD18D8E7A200D29949 /* RssReaderTests.xctest */ = {isa = PBXFileReference; explicitFileType = wrapper.cfbundle; includeInIndex = 0; path = RssReaderTests.xctest; sourceTree = BUILT_PRODUCTS_DIR; };
		E62FE0CE18D8E7A200D29949 /* XCTest.framework */ = {isa = PBXFileReference; lastKnownFileType = wrapper.framework; name = XCTest.framework; path = Library/Frameworks/XCTest.framework; sourceTree = DEVELOPER_DIR; };
		E62FE0D618D8E7A200D29949 /* RssReaderTests-Info.plist */ = {isa = PBXFileReference; lastKnownFileType = text.plist.xml; path = "RssReaderTests-Info.plist"; sourceTree = "<group>"; };
		E62FE0D818D8E7A200D29949 /* en */ = {isa = PBXFileReference; lastKnownFileType = text.plist.strings; name = en; path = en.lproj/InfoPlist.strings; sourceTree = "<group>"; };
		E62FE0DA18D8E7A200D29949 /* RssReaderTests.m */ = {isa = PBXFileReference; lastKnownFileType = sourcecode.c.objc; path = RssReaderTests.m; sourceTree = "<group>"; };
		E62FE0E518D8E7E400D29949 /* AFHTTPRequestOperation.h */ = {isa = PBXFileReference; fileEncoding = 4; lastKnownFileType = sourcecode.c.h; path = AFHTTPRequestOperation.h; sourceTree = "<group>"; };
		E62FE0E618D8E7E400D29949 /* AFHTTPRequestOperation.m */ = {isa = PBXFileReference; fileEncoding = 4; lastKnownFileType = sourcecode.c.objc; path = AFHTTPRequestOperation.m; sourceTree = "<group>"; };
		E62FE0E718D8E7E400D29949 /* AFHTTPRequestOperationManager.h */ = {isa = PBXFileReference; fileEncoding = 4; lastKnownFileType = sourcecode.c.h; path = AFHTTPRequestOperationManager.h; sourceTree = "<group>"; };
		E62FE0E818D8E7E400D29949 /* AFHTTPRequestOperationManager.m */ = {isa = PBXFileReference; fileEncoding = 4; lastKnownFileType = sourcecode.c.objc; path = AFHTTPRequestOperationManager.m; sourceTree = "<group>"; };
		E62FE0E918D8E7E400D29949 /* AFHTTPSessionManager.h */ = {isa = PBXFileReference; fileEncoding = 4; lastKnownFileType = sourcecode.c.h; path = AFHTTPSessionManager.h; sourceTree = "<group>"; };
		E62FE0EA18D8E7E400D29949 /* AFHTTPSessionManager.m */ = {isa = PBXFileReference; fileEncoding = 4; lastKnownFileType = sourcecode.c.objc; path = AFHTTPSessionManager.m; sourceTree = "<group>"; };
		E62FE0EB18D8E7E400D29949 /* AFNetworking.h */ = {isa = PBXFileReference; fileEncoding = 4; lastKnownFileType = sourcecode.c.h; path = AFNetworking.h; sourceTree = "<group>"; };
		E62FE0EC18D8E7E400D29949 /* AFNetworkReachabilityManager.h */ = {isa = PBXFileReference; fileEncoding = 4; lastKnownFileType = sourcecode.c.h; path = AFNetworkReachabilityManager.h; sourceTree = "<group>"; };
		E62FE0ED18D8E7E400D29949 /* AFNetworkReachabilityManager.m */ = {isa = PBXFileReference; fileEncoding = 4; lastKnownFileType = sourcecode.c.objc; path = AFNetworkReachabilityManager.m; sourceTree = "<group>"; };
		E62FE0EE18D8E7E400D29949 /* AFSecurityPolicy.h */ = {isa = PBXFileReference; fileEncoding = 4; lastKnownFileType = sourcecode.c.h; path = AFSecurityPolicy.h; sourceTree = "<group>"; };
		E62FE0EF18D8E7E400D29949 /* AFSecurityPolicy.m */ = {isa = PBXFileReference; fileEncoding = 4; lastKnownFileType = sourcecode.c.objc; path = AFSecurityPolicy.m; sourceTree = "<group>"; };
		E62FE0F018D8E7E400D29949 /* AFURLConnectionOperation.h */ = {isa = PBXFileReference; fileEncoding = 4; lastKnownFileType = sourcecode.c.h; path = AFURLConnectionOperation.h; sourceTree = "<group>"; };
		E62FE0F118D8E7E400D29949 /* AFURLConnectionOperation.m */ = {isa = PBXFileReference; fileEncoding = 4; lastKnownFileType = sourcecode.c.objc; path = AFURLConnectionOperation.m; sourceTree = "<group>"; };
		E62FE0F218D8E7E400D29949 /* AFURLRequestSerialization.h */ = {isa = PBXFileReference; fileEncoding = 4; lastKnownFileType = sourcecode.c.h; path = AFURLRequestSerialization.h; sourceTree = "<group>"; };
		E62FE0F318D8E7E400D29949 /* AFURLRequestSerialization.m */ = {isa = PBXFileReference; fileEncoding = 4; lastKnownFileType = sourcecode.c.objc; path = AFURLRequestSerialization.m; sourceTree = "<group>"; };
		E62FE0F418D8E7E400D29949 /* AFURLResponseSerialization.h */ = {isa = PBXFileReference; fileEncoding = 4; lastKnownFileType = sourcecode.c.h; path = AFURLResponseSerialization.h; sourceTree = "<group>"; };
		E62FE0F518D8E7E400D29949 /* AFURLResponseSerialization.m */ = {isa = PBXFileReference; fileEncoding = 4; lastKnownFileType = sourcecode.c.objc; path = AFURLResponseSerialization.m; sourceTree = "<group>"; };
		E62FE0F618D8E7E400D29949 /* AFURLSessionManager.h */ = {isa = PBXFileReference; fileEncoding = 4; lastKnownFileType = sourcecode.c.h; path = AFURLSessionManager.h; sourceTree = "<group>"; };
		E62FE0F718D8E7E400D29949 /* AFURLSessionManager.m */ = {isa = PBXFileReference; fileEncoding = 4; lastKnownFileType = sourcecode.c.objc; path = AFURLSessionManager.m; sourceTree = "<group>"; };
		E62FE0F918D8E7E400D29949 /* AFNetworkActivityIndicatorManager.h */ = {isa = PBXFileReference; fileEncoding = 4; lastKnownFileType = sourcecode.c.h; path = AFNetworkActivityIndicatorManager.h; sourceTree = "<group>"; };
		E62FE0FA18D8E7E400D29949 /* AFNetworkActivityIndicatorManager.m */ = {isa = PBXFileReference; fileEncoding = 4; lastKnownFileType = sourcecode.c.objc; path = AFNetworkActivityIndicatorManager.m; sourceTree = "<group>"; };
		E62FE0FB18D8E7E400D29949 /* UIActivityIndicatorView+AFNetworking.h */ = {isa = PBXFileReference; fileEncoding = 4; lastKnownFileType = sourcecode.c.h; path = "UIActivityIndicatorView+AFNetworking.h"; sourceTree = "<group>"; };
		E62FE0FC18D8E7E400D29949 /* UIActivityIndicatorView+AFNetworking.m */ = {isa = PBXFileReference; fileEncoding = 4; lastKnownFileType = sourcecode.c.objc; path = "UIActivityIndicatorView+AFNetworking.m"; sourceTree = "<group>"; };
		E62FE0FD18D8E7E400D29949 /* UIAlertView+AFNetworking.h */ = {isa = PBXFileReference; fileEncoding = 4; lastKnownFileType = sourcecode.c.h; path = "UIAlertView+AFNetworking.h"; sourceTree = "<group>"; };
		E62FE0FE18D8E7E400D29949 /* UIAlertView+AFNetworking.m */ = {isa = PBXFileReference; fileEncoding = 4; lastKnownFileType = sourcecode.c.objc; path = "UIAlertView+AFNetworking.m"; sourceTree = "<group>"; };
		E62FE0FF18D8E7E400D29949 /* UIButton+AFNetworking.h */ = {isa = PBXFileReference; fileEncoding = 4; lastKnownFileType = sourcecode.c.h; path = "UIButton+AFNetworking.h"; sourceTree = "<group>"; };
		E62FE10018D8E7E400D29949 /* UIButton+AFNetworking.m */ = {isa = PBXFileReference; fileEncoding = 4; lastKnownFileType = sourcecode.c.objc; path = "UIButton+AFNetworking.m"; sourceTree = "<group>"; };
		E62FE10118D8E7E400D29949 /* UIImageView+AFNetworking.h */ = {isa = PBXFileReference; fileEncoding = 4; lastKnownFileType = sourcecode.c.h; path = "UIImageView+AFNetworking.h"; sourceTree = "<group>"; };
		E62FE10218D8E7E400D29949 /* UIImageView+AFNetworking.m */ = {isa = PBXFileReference; fileEncoding = 4; lastKnownFileType = sourcecode.c.objc; path = "UIImageView+AFNetworking.m"; sourceTree = "<group>"; };
		E62FE10318D8E7E400D29949 /* UIKit+AFNetworking.h */ = {isa = PBXFileReference; fileEncoding = 4; lastKnownFileType = sourcecode.c.h; path = "UIKit+AFNetworking.h"; sourceTree = "<group>"; };
		E62FE10418D8E7E400D29949 /* UIProgressView+AFNetworking.h */ = {isa = PBXFileReference; fileEncoding = 4; lastKnownFileType = sourcecode.c.h; path = "UIProgressView+AFNetworking.h"; sourceTree = "<group>"; };
		E62FE10518D8E7E400D29949 /* UIProgressView+AFNetworking.m */ = {isa = PBXFileReference; fileEncoding = 4; lastKnownFileType = sourcecode.c.objc; path = "UIProgressView+AFNetworking.m"; sourceTree = "<group>"; };
		E62FE10618D8E7E400D29949 /* UIRefreshControl+AFNetworking.h */ = {isa = PBXFileReference; fileEncoding = 4; lastKnownFileType = sourcecode.c.h; path = "UIRefreshControl+AFNetworking.h"; sourceTree = "<group>"; };
		E62FE10718D8E7E400D29949 /* UIRefreshControl+AFNetworking.m */ = {isa = PBXFileReference; fileEncoding = 4; lastKnownFileType = sourcecode.c.objc; path = "UIRefreshControl+AFNetworking.m"; sourceTree = "<group>"; };
		E62FE10818D8E7E400D29949 /* UIWebView+AFNetworking.h */ = {isa = PBXFileReference; fileEncoding = 4; lastKnownFileType = sourcecode.c.h; path = "UIWebView+AFNetworking.h"; sourceTree = "<group>"; };
		E62FE10918D8E7E400D29949 /* UIWebView+AFNetworking.m */ = {isa = PBXFileReference; fileEncoding = 4; lastKnownFileType = sourcecode.c.objc; path = "UIWebView+AFNetworking.m"; sourceTree = "<group>"; };
		E62FE11B18D8EDE400D29949 /* RssParser.h */ = {isa = PBXFileReference; fileEncoding = 4; lastKnownFileType = sourcecode.c.h; path = RssParser.h; sourceTree = "<group>"; };
		E62FE11C18D8EDE400D29949 /* RssParser.m */ = {isa = PBXFileReference; fileEncoding = 4; lastKnownFileType = sourcecode.c.objc; path = RssParser.m; sourceTree = "<group>"; };
		E62FE11E18DB818A00D29949 /* NewsItem.h */ = {isa = PBXFileReference; fileEncoding = 4; lastKnownFileType = sourcecode.c.h; path = NewsItem.h; sourceTree = "<group>"; };
		E62FE11F18DB818A00D29949 /* NewsItem.m */ = {isa = PBXFileReference; fileEncoding = 4; lastKnownFileType = sourcecode.c.objc; path = NewsItem.m; sourceTree = "<group>"; };
		E62FE12118DB88D000D29949 /* RssManager.h */ = {isa = PBXFileReference; fileEncoding = 4; lastKnownFileType = sourcecode.c.h; path = RssManager.h; sourceTree = "<group>"; };
		E62FE12218DB88D000D29949 /* RssManager.m */ = {isa = PBXFileReference; fileEncoding = 4; lastKnownFileType = sourcecode.c.objc; path = RssManager.m; sourceTree = "<group>"; };
		E6A5917C18DC8BC2004056E2 /* WebViewController.h */ = {isa = PBXFileReference; fileEncoding = 4; lastKnownFileType = sourcecode.c.h; path = WebViewController.h; sourceTree = "<group>"; };
		E6A5917D18DC8BC2004056E2 /* WebViewController.m */ = {isa = PBXFileReference; fileEncoding = 4; lastKnownFileType = sourcecode.c.objc; path = WebViewController.m; sourceTree = "<group>"; };
/* End PBXFileReference section */

/* Begin PBXFrameworksBuildPhase section */
		E62FE0A918D8E7A100D29949 /* Frameworks */ = {
			isa = PBXFrameworksBuildPhase;
			buildActionMask = 2147483647;
			files = (
				E62FE0B218D8E7A100D29949 /* CoreGraphics.framework in Frameworks */,
				E62FE0B418D8E7A100D29949 /* UIKit.framework in Frameworks */,
				E62FE0B018D8E7A100D29949 /* Foundation.framework in Frameworks */,
			);
			runOnlyForDeploymentPostprocessing = 0;
		};
		E62FE0CA18D8E7A200D29949 /* Frameworks */ = {
			isa = PBXFrameworksBuildPhase;
			buildActionMask = 2147483647;
			files = (
				E62FE0CF18D8E7A200D29949 /* XCTest.framework in Frameworks */,
				E62FE0D118D8E7A200D29949 /* UIKit.framework in Frameworks */,
				E62FE0D018D8E7A200D29949 /* Foundation.framework in Frameworks */,
			);
			runOnlyForDeploymentPostprocessing = 0;
		};
/* End PBXFrameworksBuildPhase section */

/* Begin PBXGroup section */
		E62FE0A318D8E7A100D29949 = {
			isa = PBXGroup;
			children = (
				E62FE0E418D8E7E400D29949 /* AFNetworking */,
				E62FE0F818D8E7E400D29949 /* UIKit+AFNetworking */,
				E62FE0B518D8E7A100D29949 /* RssReader */,
				E62FE0D418D8E7A200D29949 /* RssReaderTests */,
				E62FE0AE18D8E7A100D29949 /* Frameworks */,
				E62FE0AD18D8E7A100D29949 /* Products */,
			);
			sourceTree = "<group>";
		};
		E62FE0AD18D8E7A100D29949 /* Products */ = {
			isa = PBXGroup;
			children = (
				E62FE0AC18D8E7A100D29949 /* RssReader.app */,
				E62FE0CD18D8E7A200D29949 /* RssReaderTests.xctest */,
			);
			name = Products;
			sourceTree = "<group>";
		};
		E62FE0AE18D8E7A100D29949 /* Frameworks */ = {
			isa = PBXGroup;
			children = (
				E62FE0AF18D8E7A100D29949 /* Foundation.framework */,
				E62FE0B118D8E7A100D29949 /* CoreGraphics.framework */,
				E62FE0B318D8E7A100D29949 /* UIKit.framework */,
				E62FE0CE18D8E7A200D29949 /* XCTest.framework */,
			);
			name = Frameworks;
			sourceTree = "<group>";
		};
		E62FE0B518D8E7A100D29949 /* RssReader */ = {
			isa = PBXGroup;
			children = (
				E62FE0BE18D8E7A100D29949 /* AppDelegate.h */,
				E62FE0BF18D8E7A100D29949 /* AppDelegate.m */,
				E62FE0C118D8E7A100D29949 /* Main.storyboard */,
				E62FE0C718D8E7A100D29949 /* Images.xcassets */,
				E6A5917F18DC8BD5004056E2 /* Controllers */,
				E62FE0B618D8E7A100D29949 /* Supporting Files */,
				E62FE12118DB88D000D29949 /* RssManager.h */,
				E62FE12218DB88D000D29949 /* RssManager.m */,
				E62FE11B18D8EDE400D29949 /* RssParser.h */,
				E62FE11C18D8EDE400D29949 /* RssParser.m */,
				E62FE11E18DB818A00D29949 /* NewsItem.h */,
				E62FE11F18DB818A00D29949 /* NewsItem.m */,
			);
			path = RssReader;
			sourceTree = "<group>";
		};
		E62FE0B618D8E7A100D29949 /* Supporting Files */ = {
			isa = PBXGroup;
			children = (
				E62FE0B718D8E7A100D29949 /* RssReader-Info.plist */,
				E62FE0B818D8E7A100D29949 /* InfoPlist.strings */,
				E62FE0BB18D8E7A100D29949 /* main.m */,
				E62FE0BD18D8E7A100D29949 /* RssReader-Prefix.pch */,
			);
			name = "Supporting Files";
			sourceTree = "<group>";
		};
		E62FE0D418D8E7A200D29949 /* RssReaderTests */ = {
			isa = PBXGroup;
			children = (
				E62FE0DA18D8E7A200D29949 /* RssReaderTests.m */,
				E62FE0D518D8E7A200D29949 /* Supporting Files */,
			);
			path = RssReaderTests;
			sourceTree = "<group>";
		};
		E62FE0D518D8E7A200D29949 /* Supporting Files */ = {
			isa = PBXGroup;
			children = (
				E62FE0D618D8E7A200D29949 /* RssReaderTests-Info.plist */,
				E62FE0D718D8E7A200D29949 /* InfoPlist.strings */,
			);
			name = "Supporting Files";
			sourceTree = "<group>";
		};
		E62FE0E418D8E7E400D29949 /* AFNetworking */ = {
			isa = PBXGroup;
			children = (
				E62FE0E518D8E7E400D29949 /* AFHTTPRequestOperation.h */,
				E62FE0E618D8E7E400D29949 /* AFHTTPRequestOperation.m */,
				E62FE0E718D8E7E400D29949 /* AFHTTPRequestOperationManager.h */,
				E62FE0E818D8E7E400D29949 /* AFHTTPRequestOperationManager.m */,
				E62FE0E918D8E7E400D29949 /* AFHTTPSessionManager.h */,
				E62FE0EA18D8E7E400D29949 /* AFHTTPSessionManager.m */,
				E62FE0EB18D8E7E400D29949 /* AFNetworking.h */,
				E62FE0EC18D8E7E400D29949 /* AFNetworkReachabilityManager.h */,
				E62FE0ED18D8E7E400D29949 /* AFNetworkReachabilityManager.m */,
				E62FE0EE18D8E7E400D29949 /* AFSecurityPolicy.h */,
				E62FE0EF18D8E7E400D29949 /* AFSecurityPolicy.m */,
				E62FE0F018D8E7E400D29949 /* AFURLConnectionOperation.h */,
				E62FE0F118D8E7E400D29949 /* AFURLConnectionOperation.m */,
				E62FE0F218D8E7E400D29949 /* AFURLRequestSerialization.h */,
				E62FE0F318D8E7E400D29949 /* AFURLRequestSerialization.m */,
				E62FE0F418D8E7E400D29949 /* AFURLResponseSerialization.h */,
				E62FE0F518D8E7E400D29949 /* AFURLResponseSerialization.m */,
				E62FE0F618D8E7E400D29949 /* AFURLSessionManager.h */,
				E62FE0F718D8E7E400D29949 /* AFURLSessionManager.m */,
			);
			path = AFNetworking;
			sourceTree = "<group>";
		};
		E62FE0F818D8E7E400D29949 /* UIKit+AFNetworking */ = {
			isa = PBXGroup;
			children = (
				E62FE0F918D8E7E400D29949 /* AFNetworkActivityIndicatorManager.h */,
				E62FE0FA18D8E7E400D29949 /* AFNetworkActivityIndicatorManager.m */,
				E62FE0FB18D8E7E400D29949 /* UIActivityIndicatorView+AFNetworking.h */,
				E62FE0FC18D8E7E400D29949 /* UIActivityIndicatorView+AFNetworking.m */,
				E62FE0FD18D8E7E400D29949 /* UIAlertView+AFNetworking.h */,
				E62FE0FE18D8E7E400D29949 /* UIAlertView+AFNetworking.m */,
				E62FE0FF18D8E7E400D29949 /* UIButton+AFNetworking.h */,
				E62FE10018D8E7E400D29949 /* UIButton+AFNetworking.m */,
				E62FE10118D8E7E400D29949 /* UIImageView+AFNetworking.h */,
				E62FE10218D8E7E400D29949 /* UIImageView+AFNetworking.m */,
				E62FE10318D8E7E400D29949 /* UIKit+AFNetworking.h */,
				E62FE10418D8E7E400D29949 /* UIProgressView+AFNetworking.h */,
				E62FE10518D8E7E400D29949 /* UIProgressView+AFNetworking.m */,
				E62FE10618D8E7E400D29949 /* UIRefreshControl+AFNetworking.h */,
				E62FE10718D8E7E400D29949 /* UIRefreshControl+AFNetworking.m */,
				E62FE10818D8E7E400D29949 /* UIWebView+AFNetworking.h */,
				E62FE10918D8E7E400D29949 /* UIWebView+AFNetworking.m */,
			);
			path = "UIKit+AFNetworking";
			sourceTree = "<group>";
		};
		E6A5917F18DC8BD5004056E2 /* Controllers */ = {
			isa = PBXGroup;
			children = (
				E62FE0C418D8E7A100D29949 /* ViewController.h */,
				E62FE0C518D8E7A100D29949 /* ViewController.m */,
				E6A5917C18DC8BC2004056E2 /* WebViewController.h */,
				E6A5917D18DC8BC2004056E2 /* WebViewController.m */,
			);
			name = Controllers;
			sourceTree = "<group>";
		};
/* End PBXGroup section */

/* Begin PBXNativeTarget section */
		E62FE0AB18D8E7A100D29949 /* RssReader */ = {
			isa = PBXNativeTarget;
			buildConfigurationList = E62FE0DE18D8E7A200D29949 /* Build configuration list for PBXNativeTarget "RssReader" */;
			buildPhases = (
				E62FE0A818D8E7A100D29949 /* Sources */,
				E62FE0A918D8E7A100D29949 /* Frameworks */,
				E62FE0AA18D8E7A100D29949 /* Resources */,
			);
			buildRules = (
			);
			dependencies = (
			);
			name = RssReader;
			productName = RssReader;
			productReference = E62FE0AC18D8E7A100D29949 /* RssReader.app */;
			productType = "com.apple.product-type.application";
		};
		E62FE0CC18D8E7A200D29949 /* RssReaderTests */ = {
			isa = PBXNativeTarget;
			buildConfigurationList = E62FE0E118D8E7A200D29949 /* Build configuration list for PBXNativeTarget "RssReaderTests" */;
			buildPhases = (
				E62FE0C918D8E7A200D29949 /* Sources */,
				E62FE0CA18D8E7A200D29949 /* Frameworks */,
				E62FE0CB18D8E7A200D29949 /* Resources */,
			);
			buildRules = (
			);
			dependencies = (
				E62FE0D318D8E7A200D29949 /* PBXTargetDependency */,
			);
			name = RssReaderTests;
			productName = RssReaderTests;
			productReference = E62FE0CD18D8E7A200D29949 /* RssReaderTests.xctest */;
			productType = "com.apple.product-type.bundle.unit-test";
		};
/* End PBXNativeTarget section */

/* Begin PBXProject section */
		E62FE0A418D8E7A100D29949 /* Project object */ = {
			isa = PBXProject;
			attributes = {
				LastUpgradeCheck = 0510;
				ORGANIZATIONNAME = "Nikolay Shatilo";
				TargetAttributes = {
					E62FE0CC18D8E7A200D29949 = {
						TestTargetID = E62FE0AB18D8E7A100D29949;
					};
				};
			};
			buildConfigurationList = E62FE0A718D8E7A100D29949 /* Build configuration list for PBXProject "RssReader" */;
			compatibilityVersion = "Xcode 3.2";
			developmentRegion = English;
			hasScannedForEncodings = 0;
			knownRegions = (
				en,
				Base,
			);
			mainGroup = E62FE0A318D8E7A100D29949;
			productRefGroup = E62FE0AD18D8E7A100D29949 /* Products */;
			projectDirPath = "";
			projectRoot = "";
			targets = (
				E62FE0AB18D8E7A100D29949 /* RssReader */,
				E62FE0CC18D8E7A200D29949 /* RssReaderTests */,
			);
		};
/* End PBXProject section */

/* Begin PBXResourcesBuildPhase section */
		E62FE0AA18D8E7A100D29949 /* Resources */ = {
			isa = PBXResourcesBuildPhase;
			buildActionMask = 2147483647;
			files = (
				E62FE0C818D8E7A100D29949 /* Images.xcassets in Resources */,
				E62FE0BA18D8E7A100D29949 /* InfoPlist.strings in Resources */,
				E62FE0C318D8E7A100D29949 /* Main.storyboard in Resources */,
			);
			runOnlyForDeploymentPostprocessing = 0;
		};
		E62FE0CB18D8E7A200D29949 /* Resources */ = {
			isa = PBXResourcesBuildPhase;
			buildActionMask = 2147483647;
			files = (
				E62FE0D918D8E7A200D29949 /* InfoPlist.strings in Resources */,
			);
			runOnlyForDeploymentPostprocessing = 0;
		};
/* End PBXResourcesBuildPhase section */

/* Begin PBXSourcesBuildPhase section */
		E62FE0A818D8E7A100D29949 /* Sources */ = {
			isa = PBXSourcesBuildPhase;
			buildActionMask = 2147483647;
			files = (
				E62FE10A18D8E7E400D29949 /* AFHTTPRequestOperation.m in Sources */,
				E62FE11718D8E7E400D29949 /* UIImageView+AFNetworking.m in Sources */,
				E62FE0C618D8E7A100D29949 /* ViewController.m in Sources */,
				E62FE10B18D8E7E400D29949 /* AFHTTPRequestOperationManager.m in Sources */,
				E62FE11818D8E7E400D29949 /* UIProgressView+AFNetworking.m in Sources */,
				E62FE10D18D8E7E400D29949 /* AFNetworkReachabilityManager.m in Sources */,
				E62FE11118D8E7E400D29949 /* AFURLResponseSerialization.m in Sources */,
				E62FE12318DB88D000D29949 /* RssManager.m in Sources */,
				E62FE10F18D8E7E400D29949 /* AFURLConnectionOperation.m in Sources */,
				E62FE11618D8E7E400D29949 /* UIButton+AFNetworking.m in Sources */,
				E62FE11418D8E7E400D29949 /* UIActivityIndicatorView+AFNetworking.m in Sources */,
				E62FE10E18D8E7E400D29949 /* AFSecurityPolicy.m in Sources */,
				E62FE11918D8E7E400D29949 /* UIRefreshControl+AFNetworking.m in Sources */,
				E62FE11A18D8E7E400D29949 /* UIWebView+AFNetworking.m in Sources */,
				E62FE12018DB818A00D29949 /* NewsItem.m in Sources */,
				E62FE10C18D8E7E400D29949 /* AFHTTPSessionManager.m in Sources */,
				E62FE11518D8E7E400D29949 /* UIAlertView+AFNetworking.m in Sources */,
				E62FE11018D8E7E400D29949 /* AFURLRequestSerialization.m in Sources */,
				E62FE11318D8E7E400D29949 /* AFNetworkActivityIndicatorManager.m in Sources */,
				E6A5917E18DC8BC2004056E2 /* WebViewController.m in Sources */,
				E62FE11218D8E7E400D29949 /* AFURLSessionManager.m in Sources */,
				E62FE0C018D8E7A100D29949 /* AppDelegate.m in Sources */,
				E62FE0BC18D8E7A100D29949 /* main.m in Sources */,
				E62FE11D18D8EDE400D29949 /* RssParser.m in Sources */,
			);
			runOnlyForDeploymentPostprocessing = 0;
		};
		E62FE0C918D8E7A200D29949 /* Sources */ = {
			isa = PBXSourcesBuildPhase;
			buildActionMask = 2147483647;
			files = (
				E62FE0DB18D8E7A200D29949 /* RssReaderTests.m in Sources */,
			);
			runOnlyForDeploymentPostprocessing = 0;
		};
/* End PBXSourcesBuildPhase section */

/* Begin PBXTargetDependency section */
		E62FE0D318D8E7A200D29949 /* PBXTargetDependency */ = {
			isa = PBXTargetDependency;
			target = E62FE0AB18D8E7A100D29949 /* RssReader */;
			targetProxy = E62FE0D218D8E7A200D29949 /* PBXContainerItemProxy */;
		};
/* End PBXTargetDependency section */

/* Begin PBXVariantGroup section */
		E62FE0B818D8E7A100D29949 /* InfoPlist.strings */ = {
			isa = PBXVariantGroup;
			children = (
				E62FE0B918D8E7A100D29949 /* en */,
			);
			name = InfoPlist.strings;
			sourceTree = "<group>";
		};
		E62FE0C118D8E7A100D29949 /* Main.storyboard */ = {
			isa = PBXVariantGroup;
			children = (
				E62FE0C218D8E7A100D29949 /* Base */,
			);
			name = Main.storyboard;
			sourceTree = "<group>";
		};
		E62FE0D718D8E7A200D29949 /* InfoPlist.strings */ = {
			isa = PBXVariantGroup;
			children = (
				E62FE0D818D8E7A200D29949 /* en */,
			);
			name = InfoPlist.strings;
			sourceTree = "<group>";
		};
/* End PBXVariantGroup section */

/* Begin XCBuildConfiguration section */
		E62FE0DC18D8E7A200D29949 /* Debug */ = {
			isa = XCBuildConfiguration;
			buildSettings = {
				ALWAYS_SEARCH_USER_PATHS = NO;
				CLANG_CXX_LANGUAGE_STANDARD = "gnu++0x";
				CLANG_CXX_LIBRARY = "libc++";
				CLANG_ENABLE_MODULES = YES;
				CLANG_ENABLE_OBJC_ARC = YES;
				CLANG_WARN_BOOL_CONVERSION = YES;
				CLANG_WARN_CONSTANT_CONVERSION = YES;
				CLANG_WARN_DIRECT_OBJC_ISA_USAGE = YES_ERROR;
				CLANG_WARN_EMPTY_BODY = YES;
				CLANG_WARN_ENUM_CONVERSION = YES;
				CLANG_WARN_INT_CONVERSION = YES;
				CLANG_WARN_OBJC_ROOT_CLASS = YES_ERROR;
				CLANG_WARN__DUPLICATE_METHOD_MATCH = YES;
				"CODE_SIGN_IDENTITY[sdk=iphoneos*]" = "iPhone Developer";
				COPY_PHASE_STRIP = NO;
				GCC_C_LANGUAGE_STANDARD = gnu99;
				GCC_DYNAMIC_NO_PIC = NO;
				GCC_OPTIMIZATION_LEVEL = 0;
				GCC_PREPROCESSOR_DEFINITIONS = (
					"DEBUG=1",
					"$(inherited)",
				);
				GCC_SYMBOLS_PRIVATE_EXTERN = NO;
				GCC_WARN_64_TO_32_BIT_CONVERSION = YES;
				GCC_WARN_ABOUT_RETURN_TYPE = YES_ERROR;
				GCC_WARN_UNDECLARED_SELECTOR = YES;
				GCC_WARN_UNINITIALIZED_AUTOS = YES_AGGRESSIVE;
				GCC_WARN_UNUSED_FUNCTION = YES;
				GCC_WARN_UNUSED_VARIABLE = YES;
				IPHONEOS_DEPLOYMENT_TARGET = 7.1;
				ONLY_ACTIVE_ARCH = YES;
				SDKROOT = iphoneos;
			};
			name = Debug;
		};
		E62FE0DD18D8E7A200D29949 /* Release */ = {
			isa = XCBuildConfiguration;
			buildSettings = {
				ALWAYS_SEARCH_USER_PATHS = NO;
				CLANG_CXX_LANGUAGE_STANDARD = "gnu++0x";
				CLANG_CXX_LIBRARY = "libc++";
				CLANG_ENABLE_MODULES = YES;
				CLANG_ENABLE_OBJC_ARC = YES;
				CLANG_WARN_BOOL_CONVERSION = YES;
				CLANG_WARN_CONSTANT_CONVERSION = YES;
				CLANG_WARN_DIRECT_OBJC_ISA_USAGE = YES_ERROR;
				CLANG_WARN_EMPTY_BODY = YES;
				CLANG_WARN_ENUM_CONVERSION = YES;
				CLANG_WARN_INT_CONVERSION = YES;
				CLANG_WARN_OBJC_ROOT_CLASS = YES_ERROR;
				CLANG_WARN__DUPLICATE_METHOD_MATCH = YES;
				"CODE_SIGN_IDENTITY[sdk=iphoneos*]" = "iPhone Developer";
				COPY_PHASE_STRIP = YES;
				ENABLE_NS_ASSERTIONS = NO;
				GCC_C_LANGUAGE_STANDARD = gnu99;
				GCC_WARN_64_TO_32_BIT_CONVERSION = YES;
				GCC_WARN_ABOUT_RETURN_TYPE = YES_ERROR;
				GCC_WARN_UNDECLARED_SELECTOR = YES;
				GCC_WARN_UNINITIALIZED_AUTOS = YES_AGGRESSIVE;
				GCC_WARN_UNUSED_FUNCTION = YES;
				GCC_WARN_UNUSED_VARIABLE = YES;
				IPHONEOS_DEPLOYMENT_TARGET = 7.1;
				SDKROOT = iphoneos;
				VALIDATE_PRODUCT = YES;
			};
			name = Release;
		};
		E62FE0DF18D8E7A200D29949 /* Debug */ = {
			isa = XCBuildConfiguration;
			buildSettings = {
				ASSETCATALOG_COMPILER_APPICON_NAME = AppIcon;
				ASSETCATALOG_COMPILER_LAUNCHIMAGE_NAME = LaunchImage;
				GCC_PRECOMPILE_PREFIX_HEADER = YES;
				GCC_PREFIX_HEADER = "RssReader/RssReader-Prefix.pch";
				INFOPLIST_FILE = "RssReader/RssReader-Info.plist";
				PRODUCT_NAME = "$(TARGET_NAME)";
				WRAPPER_EXTENSION = app;
			};
			name = Debug;
		};
		E62FE0E018D8E7A200D29949 /* Release */ = {
			isa = XCBuildConfiguration;
			buildSettings = {
				ASSETCATALOG_COMPILER_APPICON_NAME = AppIcon;
				ASSETCATALOG_COMPILER_LAUNCHIMAGE_NAME = LaunchImage;
				GCC_PRECOMPILE_PREFIX_HEADER = YES;
				GCC_PREFIX_HEADER = "RssReader/RssReader-Prefix.pch";
				INFOPLIST_FILE = "RssReader/RssReader-Info.plist";
				PRODUCT_NAME = "$(TARGET_NAME)";
				WRAPPER_EXTENSION = app;
			};
			name = Release;
		};
		E62FE0E218D8E7A200D29949 /* Debug */ = {
			isa = XCBuildConfiguration;
			buildSettings = {
				BUNDLE_LOADER = "$(BUILT_PRODUCTS_DIR)/RssReader.app/RssReader";
				FRAMEWORK_SEARCH_PATHS = (
					"$(SDKROOT)/Developer/Library/Frameworks",
					"$(inherited)",
					"$(DEVELOPER_FRAMEWORKS_DIR)",
				);
				GCC_PRECOMPILE_PREFIX_HEADER = YES;
				GCC_PREFIX_HEADER = "RssReader/RssReader-Prefix.pch";
				GCC_PREPROCESSOR_DEFINITIONS = (
					"DEBUG=1",
					"$(inherited)",
				);
				INFOPLIST_FILE = "RssReaderTests/RssReaderTests-Info.plist";
				PRODUCT_NAME = "$(TARGET_NAME)";
				TEST_HOST = "$(BUNDLE_LOADER)";
				WRAPPER_EXTENSION = xctest;
			};
			name = Debug;
		};
		E62FE0E318D8E7A200D29949 /* Release */ = {
			isa = XCBuildConfiguration;
			buildSettings = {
				BUNDLE_LOADER = "$(BUILT_PRODUCTS_DIR)/RssReader.app/RssReader";
				FRAMEWORK_SEARCH_PATHS = (
					"$(SDKROOT)/Developer/Library/Frameworks",
					"$(inherited)",
					"$(DEVELOPER_FRAMEWORKS_DIR)",
				);
				GCC_PRECOMPILE_PREFIX_HEADER = YES;
				GCC_PREFIX_HEADER = "RssReader/RssReader-Prefix.pch";
				INFOPLIST_FILE = "RssReaderTests/RssReaderTests-Info.plist";
				PRODUCT_NAME = "$(TARGET_NAME)";
				TEST_HOST = "$(BUNDLE_LOADER)";
				WRAPPER_EXTENSION = xctest;
			};
			name = Release;
		};
/* End XCBuildConfiguration section */

/* Begin XCConfigurationList section */
		E62FE0A718D8E7A100D29949 /* Build configuration list for PBXProject "RssReader" */ = {
			isa = XCConfigurationList;
			buildConfigurations = (
				E62FE0DC18D8E7A200D29949 /* Debug */,
				E62FE0DD18D8E7A200D29949 /* Release */,
			);
			defaultConfigurationIsVisible = 0;
			defaultConfigurationName = Release;
		};
		E62FE0DE18D8E7A200D29949 /* Build configuration list for PBXNativeTarget "RssReader" */ = {
			isa = XCConfigurationList;
			buildConfigurations = (
				E62FE0DF18D8E7A200D29949 /* Debug */,
				E62FE0E018D8E7A200D29949 /* Release */,
			);
			defaultConfigurationIsVisible = 0;
			defaultConfigurationName = Release;
		};
		E62FE0E118D8E7A200D29949 /* Build configuration list for PBXNativeTarget "RssReaderTests" */ = {
			isa = XCConfigurationList;
			buildConfigurations = (
				E62FE0E218D8E7A200D29949 /* Debug */,
				E62FE0E318D8E7A200D29949 /* Release */,
			);
			defaultConfigurationIsVisible = 0;
			defaultConfigurationName = Release;
		};
/* End XCConfigurationList section */
	};
	rootObject = E62FE0A418D8E7A100D29949 /* Project object */;
}
