// !$*UTF8*$!
{
	archiveVersion = 1;
	classes = {
	};
	objectVersion = 46;
	objects = {

/* Begin PBXBuildFile section */
		E6151FF618B096A00055A8F7 /* Foundation.framework in Frameworks */ = {isa = PBXBuildFile; fileRef = E6151FF518B096A00055A8F7 /* Foundation.framework */; };
		E6151FF818B096A00055A8F7 /* CoreGraphics.framework in Frameworks */ = {isa = PBXBuildFile; fileRef = E6151FF718B096A00055A8F7 /* CoreGraphics.framework */; };
		E6151FFA18B096A00055A8F7 /* UIKit.framework in Frameworks */ = {isa = PBXBuildFile; fileRef = E6151FF918B096A00055A8F7 /* UIKit.framework */; };
		E615200018B096A00055A8F7 /* InfoPlist.strings in Resources */ = {isa = PBXBuildFile; fileRef = E6151FFE18B096A00055A8F7 /* InfoPlist.strings */; };
		E615200218B096A00055A8F7 /* main.m in Sources */ = {isa = PBXBuildFile; fileRef = E615200118B096A00055A8F7 /* main.m */; };
		E615200618B096A00055A8F7 /* AppDelegate.m in Sources */ = {isa = PBXBuildFile; fileRef = E615200518B096A00055A8F7 /* AppDelegate.m */; };
		E615200918B096A00055A8F7 /* Main.storyboard in Resources */ = {isa = PBXBuildFile; fileRef = E615200718B096A00055A8F7 /* Main.storyboard */; };
		E615200C18B096A00055A8F7 /* ViewController.m in Sources */ = {isa = PBXBuildFile; fileRef = E615200B18B096A00055A8F7 /* ViewController.m */; };
		E615200E18B096A00055A8F7 /* Images.xcassets in Resources */ = {isa = PBXBuildFile; fileRef = E615200D18B096A00055A8F7 /* Images.xcassets */; };
		E615201518B096A10055A8F7 /* XCTest.framework in Frameworks */ = {isa = PBXBuildFile; fileRef = E615201418B096A10055A8F7 /* XCTest.framework */; };
		E615201618B096A10055A8F7 /* Foundation.framework in Frameworks */ = {isa = PBXBuildFile; fileRef = E6151FF518B096A00055A8F7 /* Foundation.framework */; };
		E615201718B096A10055A8F7 /* UIKit.framework in Frameworks */ = {isa = PBXBuildFile; fileRef = E6151FF918B096A00055A8F7 /* UIKit.framework */; };
		E615201F18B096A10055A8F7 /* InfoPlist.strings in Resources */ = {isa = PBXBuildFile; fileRef = E615201D18B096A10055A8F7 /* InfoPlist.strings */; };
		E615202118B096A10055A8F7 /* LocalizableAppTests.m in Sources */ = {isa = PBXBuildFile; fileRef = E615202018B096A10055A8F7 /* LocalizableAppTests.m */; };
/* End PBXBuildFile section */

/* Begin PBXContainerItemProxy section */
		E615201818B096A10055A8F7 /* PBXContainerItemProxy */ = {
			isa = PBXContainerItemProxy;
			containerPortal = E6151FEA18B096A00055A8F7 /* Project object */;
			proxyType = 1;
			remoteGlobalIDString = E6151FF118B096A00055A8F7;
			remoteInfo = LocalizableApp;
		};
/* End PBXContainerItemProxy section */

/* Begin PBXFileReference section */
		E6151FF218B096A00055A8F7 /* LocalizableApp.app */ = {isa = PBXFileReference; explicitFileType = wrapper.application; includeInIndex = 0; path = LocalizableApp.app; sourceTree = BUILT_PRODUCTS_DIR; };
		E6151FF518B096A00055A8F7 /* Foundation.framework */ = {isa = PBXFileReference; lastKnownFileType = wrapper.framework; name = Foundation.framework; path = System/Library/Frameworks/Foundation.framework; sourceTree = SDKROOT; };
		E6151FF718B096A00055A8F7 /* CoreGraphics.framework */ = {isa = PBXFileReference; lastKnownFileType = wrapper.framework; name = CoreGraphics.framework; path = System/Library/Frameworks/CoreGraphics.framework; sourceTree = SDKROOT; };
		E6151FF918B096A00055A8F7 /* UIKit.framework */ = {isa = PBXFileReference; lastKnownFileType = wrapper.framework; name = UIKit.framework; path = System/Library/Frameworks/UIKit.framework; sourceTree = SDKROOT; };
		E6151FFD18B096A00055A8F7 /* LocalizableApp-Info.plist */ = {isa = PBXFileReference; lastKnownFileType = text.plist.xml; path = "LocalizableApp-Info.plist"; sourceTree = "<group>"; };
		E6151FFF18B096A00055A8F7 /* en */ = {isa = PBXFileReference; lastKnownFileType = text.plist.strings; name = en; path = en.lproj/InfoPlist.strings; sourceTree = "<group>"; };
		E615200118B096A00055A8F7 /* main.m */ = {isa = PBXFileReference; lastKnownFileType = sourcecode.c.objc; path = main.m; sourceTree = "<group>"; };
		E615200318B096A00055A8F7 /* LocalizableApp-Prefix.pch */ = {isa = PBXFileReference; lastKnownFileType = sourcecode.c.h; path = "LocalizableApp-Prefix.pch"; sourceTree = "<group>"; };
		E615200418B096A00055A8F7 /* AppDelegate.h */ = {isa = PBXFileReference; lastKnownFileType = sourcecode.c.h; path = AppDelegate.h; sourceTree = "<group>"; };
		E615200518B096A00055A8F7 /* AppDelegate.m */ = {isa = PBXFileReference; lastKnownFileType = sourcecode.c.objc; path = AppDelegate.m; sourceTree = "<group>"; };
		E615200818B096A00055A8F7 /* Base */ = {isa = PBXFileReference; lastKnownFileType = file.storyboard; name = Base; path = Base.lproj/Main.storyboard; sourceTree = "<group>"; };
		E615200A18B096A00055A8F7 /* ViewController.h */ = {isa = PBXFileReference; lastKnownFileType = sourcecode.c.h; path = ViewController.h; sourceTree = "<group>"; };
		E615200B18B096A00055A8F7 /* ViewController.m */ = {isa = PBXFileReference; lastKnownFileType = sourcecode.c.objc; path = ViewController.m; sourceTree = "<group>"; };
		E615200D18B096A00055A8F7 /* Images.xcassets */ = {isa = PBXFileReference; lastKnownFileType = folder.assetcatalog; path = Images.xcassets; sourceTree = "<group>"; };
		E615201318B096A10055A8F7 /* LocalizableAppTests.xctest */ = {isa = PBXFileReference; explicitFileType = wrapper.cfbundle; includeInIndex = 0; path = LocalizableAppTests.xctest; sourceTree = BUILT_PRODUCTS_DIR; };
		E615201418B096A10055A8F7 /* XCTest.framework */ = {isa = PBXFileReference; lastKnownFileType = wrapper.framework; name = XCTest.framework; path = Library/Frameworks/XCTest.framework; sourceTree = DEVELOPER_DIR; };
		E615201C18B096A10055A8F7 /* LocalizableAppTests-Info.plist */ = {isa = PBXFileReference; lastKnownFileType = text.plist.xml; path = "LocalizableAppTests-Info.plist"; sourceTree = "<group>"; };
		E615201E18B096A10055A8F7 /* en */ = {isa = PBXFileReference; lastKnownFileType = text.plist.strings; name = en; path = en.lproj/InfoPlist.strings; sourceTree = "<group>"; };
		E615202018B096A10055A8F7 /* LocalizableAppTests.m */ = {isa = PBXFileReference; lastKnownFileType = sourcecode.c.objc; path = LocalizableAppTests.m; sourceTree = "<group>"; };
/* End PBXFileReference section */

/* Begin PBXFrameworksBuildPhase section */
		E6151FEF18B096A00055A8F7 /* Frameworks */ = {
			isa = PBXFrameworksBuildPhase;
			buildActionMask = 2147483647;
			files = (
				E6151FF818B096A00055A8F7 /* CoreGraphics.framework in Frameworks */,
				E6151FFA18B096A00055A8F7 /* UIKit.framework in Frameworks */,
				E6151FF618B096A00055A8F7 /* Foundation.framework in Frameworks */,
			);
			runOnlyForDeploymentPostprocessing = 0;
		};
		E615201018B096A10055A8F7 /* Frameworks */ = {
			isa = PBXFrameworksBuildPhase;
			buildActionMask = 2147483647;
			files = (
				E615201518B096A10055A8F7 /* XCTest.framework in Frameworks */,
				E615201718B096A10055A8F7 /* UIKit.framework in Frameworks */,
				E615201618B096A10055A8F7 /* Foundation.framework in Frameworks */,
			);
			runOnlyForDeploymentPostprocessing = 0;
		};
/* End PBXFrameworksBuildPhase section */

/* Begin PBXGroup section */
		E6151FE918B096A00055A8F7 = {
			isa = PBXGroup;
			children = (
				E6151FFB18B096A00055A8F7 /* LocalizableApp */,
				E615201A18B096A10055A8F7 /* LocalizableAppTests */,
				E6151FF418B096A00055A8F7 /* Frameworks */,
				E6151FF318B096A00055A8F7 /* Products */,
			);
			sourceTree = "<group>";
		};
		E6151FF318B096A00055A8F7 /* Products */ = {
			isa = PBXGroup;
			children = (
				E6151FF218B096A00055A8F7 /* LocalizableApp.app */,
				E615201318B096A10055A8F7 /* LocalizableAppTests.xctest */,
			);
			name = Products;
			sourceTree = "<group>";
		};
		E6151FF418B096A00055A8F7 /* Frameworks */ = {
			isa = PBXGroup;
			children = (
				E6151FF518B096A00055A8F7 /* Foundation.framework */,
				E6151FF718B096A00055A8F7 /* CoreGraphics.framework */,
				E6151FF918B096A00055A8F7 /* UIKit.framework */,
				E615201418B096A10055A8F7 /* XCTest.framework */,
			);
			name = Frameworks;
			sourceTree = "<group>";
		};
		E6151FFB18B096A00055A8F7 /* LocalizableApp */ = {
			isa = PBXGroup;
			children = (
				E615200418B096A00055A8F7 /* AppDelegate.h */,
				E615200518B096A00055A8F7 /* AppDelegate.m */,
				E615200718B096A00055A8F7 /* Main.storyboard */,
				E615200A18B096A00055A8F7 /* ViewController.h */,
				E615200B18B096A00055A8F7 /* ViewController.m */,
				E615200D18B096A00055A8F7 /* Images.xcassets */,
				E6151FFC18B096A00055A8F7 /* Supporting Files */,
			);
			path = LocalizableApp;
			sourceTree = "<group>";
		};
		E6151FFC18B096A00055A8F7 /* Supporting Files */ = {
			isa = PBXGroup;
			children = (
				E6151FFD18B096A00055A8F7 /* LocalizableApp-Info.plist */,
				E6151FFE18B096A00055A8F7 /* InfoPlist.strings */,
				E615200118B096A00055A8F7 /* main.m */,
				E615200318B096A00055A8F7 /* LocalizableApp-Prefix.pch */,
			);
			name = "Supporting Files";
			sourceTree = "<group>";
		};
		E615201A18B096A10055A8F7 /* LocalizableAppTests */ = {
			isa = PBXGroup;
			children = (
				E615202018B096A10055A8F7 /* LocalizableAppTests.m */,
				E615201B18B096A10055A8F7 /* Supporting Files */,
			);
			path = LocalizableAppTests;
			sourceTree = "<group>";
		};
		E615201B18B096A10055A8F7 /* Supporting Files */ = {
			isa = PBXGroup;
			children = (
				E615201C18B096A10055A8F7 /* LocalizableAppTests-Info.plist */,
				E615201D18B096A10055A8F7 /* InfoPlist.strings */,
			);
			name = "Supporting Files";
			sourceTree = "<group>";
		};
/* End PBXGroup section */

/* Begin PBXNativeTarget section */
		E6151FF118B096A00055A8F7 /* LocalizableApp */ = {
			isa = PBXNativeTarget;
			buildConfigurationList = E615202418B096A10055A8F7 /* Build configuration list for PBXNativeTarget "LocalizableApp" */;
			buildPhases = (
				E6151FEE18B096A00055A8F7 /* Sources */,
				E6151FEF18B096A00055A8F7 /* Frameworks */,
				E6151FF018B096A00055A8F7 /* Resources */,
			);
			buildRules = (
			);
			dependencies = (
			);
			name = LocalizableApp;
			productName = LocalizableApp;
			productReference = E6151FF218B096A00055A8F7 /* LocalizableApp.app */;
			productType = "com.apple.product-type.application";
		};
		E615201218B096A10055A8F7 /* LocalizableAppTests */ = {
			isa = PBXNativeTarget;
			buildConfigurationList = E615202718B096A10055A8F7 /* Build configuration list for PBXNativeTarget "LocalizableAppTests" */;
			buildPhases = (
				E615200F18B096A10055A8F7 /* Sources */,
				E615201018B096A10055A8F7 /* Frameworks */,
				E615201118B096A10055A8F7 /* Resources */,
			);
			buildRules = (
			);
			dependencies = (
				E615201918B096A10055A8F7 /* PBXTargetDependency */,
			);
			name = LocalizableAppTests;
			productName = LocalizableAppTests;
			productReference = E615201318B096A10055A8F7 /* LocalizableAppTests.xctest */;
			productType = "com.apple.product-type.bundle.unit-test";
		};
/* End PBXNativeTarget section */

/* Begin PBXProject section */
		E6151FEA18B096A00055A8F7 /* Project object */ = {
			isa = PBXProject;
			attributes = {
				LastUpgradeCheck = 0500;
				ORGANIZATIONNAME = "Nikolay Shatilo";
				TargetAttributes = {
					E615201218B096A10055A8F7 = {
						TestTargetID = E6151FF118B096A00055A8F7;
					};
				};
			};
			buildConfigurationList = E6151FED18B096A00055A8F7 /* Build configuration list for PBXProject "LocalizableApp" */;
			compatibilityVersion = "Xcode 3.2";
			developmentRegion = English;
			hasScannedForEncodings = 0;
			knownRegions = (
				en,
				Base,
			);
			mainGroup = E6151FE918B096A00055A8F7;
			productRefGroup = E6151FF318B096A00055A8F7 /* Products */;
			projectDirPath = "";
			projectRoot = "";
			targets = (
				E6151FF118B096A00055A8F7 /* LocalizableApp */,
				E615201218B096A10055A8F7 /* LocalizableAppTests */,
			);
		};
/* End PBXProject section */

/* Begin PBXResourcesBuildPhase section */
		E6151FF018B096A00055A8F7 /* Resources */ = {
			isa = PBXResourcesBuildPhase;
			buildActionMask = 2147483647;
			files = (
				E615200E18B096A00055A8F7 /* Images.xcassets in Resources */,
				E615200018B096A00055A8F7 /* InfoPlist.strings in Resources */,
				E615200918B096A00055A8F7 /* Main.storyboard in Resources */,
			);
			runOnlyForDeploymentPostprocessing = 0;
		};
		E615201118B096A10055A8F7 /* Resources */ = {
			isa = PBXResourcesBuildPhase;
			buildActionMask = 2147483647;
			files = (
				E615201F18B096A10055A8F7 /* InfoPlist.strings in Resources */,
			);
			runOnlyForDeploymentPostprocessing = 0;
		};
/* End PBXResourcesBuildPhase section */

/* Begin PBXSourcesBuildPhase section */
		E6151FEE18B096A00055A8F7 /* Sources */ = {
			isa = PBXSourcesBuildPhase;
			buildActionMask = 2147483647;
			files = (
				E615200C18B096A00055A8F7 /* ViewController.m in Sources */,
				E615200618B096A00055A8F7 /* AppDelegate.m in Sources */,
				E615200218B096A00055A8F7 /* main.m in Sources */,
			);
			runOnlyForDeploymentPostprocessing = 0;
		};
		E615200F18B096A10055A8F7 /* Sources */ = {
			isa = PBXSourcesBuildPhase;
			buildActionMask = 2147483647;
			files = (
				E615202118B096A10055A8F7 /* LocalizableAppTests.m in Sources */,
			);
			runOnlyForDeploymentPostprocessing = 0;
		};
/* End PBXSourcesBuildPhase section */

/* Begin PBXTargetDependency section */
		E615201918B096A10055A8F7 /* PBXTargetDependency */ = {
			isa = PBXTargetDependency;
			target = E6151FF118B096A00055A8F7 /* LocalizableApp */;
			targetProxy = E615201818B096A10055A8F7 /* PBXContainerItemProxy */;
		};
/* End PBXTargetDependency section */

/* Begin PBXVariantGroup section */
		E6151FFE18B096A00055A8F7 /* InfoPlist.strings */ = {
			isa = PBXVariantGroup;
			children = (
				E6151FFF18B096A00055A8F7 /* en */,
			);
			name = InfoPlist.strings;
			sourceTree = "<group>";
		};
		E615200718B096A00055A8F7 /* Main.storyboard */ = {
			isa = PBXVariantGroup;
			children = (
				E615200818B096A00055A8F7 /* Base */,
			);
			name = Main.storyboard;
			sourceTree = "<group>";
		};
		E615201D18B096A10055A8F7 /* InfoPlist.strings */ = {
			isa = PBXVariantGroup;
			children = (
				E615201E18B096A10055A8F7 /* en */,
			);
			name = InfoPlist.strings;
			sourceTree = "<group>";
		};
/* End PBXVariantGroup section */

/* Begin XCBuildConfiguration section */
		E615202218B096A10055A8F7 /* Debug */ = {
			isa = XCBuildConfiguration;
			buildSettings = {
				ALWAYS_SEARCH_USER_PATHS = NO;
				ARCHS = "$(ARCHS_STANDARD_INCLUDING_64_BIT)";
				CLANG_CXX_LANGUAGE_STANDARD = "gnu++0x";
				CLANG_CXX_LIBRARY = "libc++";
				CLANG_ENABLE_MODULES = YES;
				CLANG_ENABLE_OBJC_ARC = YES;
				CLANG_WARN_BOOL_CONVERSION = YES;
				CLANG_WARN_CONSTANT_CONVERSION = YES;
				CLANG_WARN_DIRECT_OBJC_ISA_USAGE = YES_ERROR;
				CLANG_WARN_EMPTY_BODY = YES;
				CLANG_WARN_ENUM_CONVERSION = YES;
				CLANG_WARN_INT_CONVERSION = YES;
				CLANG_WARN_OBJC_ROOT_CLASS = YES_ERROR;
				CLANG_WARN__DUPLICATE_METHOD_MATCH = YES;
				"CODE_SIGN_IDENTITY[sdk=iphoneos*]" = "iPhone Developer";
				COPY_PHASE_STRIP = NO;
				GCC_C_LANGUAGE_STANDARD = gnu99;
				GCC_DYNAMIC_NO_PIC = NO;
				GCC_OPTIMIZATION_LEVEL = 0;
				GCC_PREPROCESSOR_DEFINITIONS = (
					"DEBUG=1",
					"$(inherited)",
				);
				GCC_SYMBOLS_PRIVATE_EXTERN = NO;
				GCC_WARN_64_TO_32_BIT_CONVERSION = YES;
				GCC_WARN_ABOUT_RETURN_TYPE = YES_ERROR;
				GCC_WARN_UNDECLARED_SELECTOR = YES;
				GCC_WARN_UNINITIALIZED_AUTOS = YES;
				GCC_WARN_UNUSED_FUNCTION = YES;
				GCC_WARN_UNUSED_VARIABLE = YES;
				IPHONEOS_DEPLOYMENT_TARGET = 7.0;
				ONLY_ACTIVE_ARCH = YES;
				SDKROOT = iphoneos;
			};
			name = Debug;
		};
		E615202318B096A10055A8F7 /* Release */ = {
			isa = XCBuildConfiguration;
			buildSettings = {
				ALWAYS_SEARCH_USER_PATHS = NO;
				ARCHS = "$(ARCHS_STANDARD_INCLUDING_64_BIT)";
				CLANG_CXX_LANGUAGE_STANDARD = "gnu++0x";
				CLANG_CXX_LIBRARY = "libc++";
				CLANG_ENABLE_MODULES = YES;
				CLANG_ENABLE_OBJC_ARC = YES;
				CLANG_WARN_BOOL_CONVERSION = YES;
				CLANG_WARN_CONSTANT_CONVERSION = YES;
				CLANG_WARN_DIRECT_OBJC_ISA_USAGE = YES_ERROR;
				CLANG_WARN_EMPTY_BODY = YES;
				CLANG_WARN_ENUM_CONVERSION = YES;
				CLANG_WARN_INT_CONVERSION = YES;
				CLANG_WARN_OBJC_ROOT_CLASS = YES_ERROR;
				CLANG_WARN__DUPLICATE_METHOD_MATCH = YES;
				"CODE_SIGN_IDENTITY[sdk=iphoneos*]" = "iPhone Developer";
				COPY_PHASE_STRIP = YES;
				ENABLE_NS_ASSERTIONS = NO;
				GCC_C_LANGUAGE_STANDARD = gnu99;
				GCC_WARN_64_TO_32_BIT_CONVERSION = YES;
				GCC_WARN_ABOUT_RETURN_TYPE = YES_ERROR;
				GCC_WARN_UNDECLARED_SELECTOR = YES;
				GCC_WARN_UNINITIALIZED_AUTOS = YES;
				GCC_WARN_UNUSED_FUNCTION = YES;
				GCC_WARN_UNUSED_VARIABLE = YES;
				IPHONEOS_DEPLOYMENT_TARGET = 7.0;
				SDKROOT = iphoneos;
				VALIDATE_PRODUCT = YES;
			};
			name = Release;
		};
		E615202518B096A10055A8F7 /* Debug */ = {
			isa = XCBuildConfiguration;
			buildSettings = {
				ASSETCATALOG_COMPILER_APPICON_NAME = AppIcon;
				ASSETCATALOG_COMPILER_LAUNCHIMAGE_NAME = LaunchImage;
				GCC_PRECOMPILE_PREFIX_HEADER = YES;
				GCC_PREFIX_HEADER = "LocalizableApp/LocalizableApp-Prefix.pch";
				INFOPLIST_FILE = "LocalizableApp/LocalizableApp-Info.plist";
				PRODUCT_NAME = "$(TARGET_NAME)";
				WRAPPER_EXTENSION = app;
			};
			name = Debug;
		};
		E615202618B096A10055A8F7 /* Release */ = {
			isa = XCBuildConfiguration;
			buildSettings = {
				ASSETCATALOG_COMPILER_APPICON_NAME = AppIcon;
				ASSETCATALOG_COMPILER_LAUNCHIMAGE_NAME = LaunchImage;
				GCC_PRECOMPILE_PREFIX_HEADER = YES;
				GCC_PREFIX_HEADER = "LocalizableApp/LocalizableApp-Prefix.pch";
				INFOPLIST_FILE = "LocalizableApp/LocalizableApp-Info.plist";
				PRODUCT_NAME = "$(TARGET_NAME)";
				WRAPPER_EXTENSION = app;
			};
			name = Release;
		};
		E615202818B096A10055A8F7 /* Debug */ = {
			isa = XCBuildConfiguration;
			buildSettings = {
				ARCHS = "$(ARCHS_STANDARD_INCLUDING_64_BIT)";
				BUNDLE_LOADER = "$(BUILT_PRODUCTS_DIR)/LocalizableApp.app/LocalizableApp";
				FRAMEWORK_SEARCH_PATHS = (
					"$(SDKROOT)/Developer/Library/Frameworks",
					"$(inherited)",
					"$(DEVELOPER_FRAMEWORKS_DIR)",
				);
				GCC_PRECOMPILE_PREFIX_HEADER = YES;
				GCC_PREFIX_HEADER = "LocalizableApp/LocalizableApp-Prefix.pch";
				GCC_PREPROCESSOR_DEFINITIONS = (
					"DEBUG=1",
					"$(inherited)",
				);
				INFOPLIST_FILE = "LocalizableAppTests/LocalizableAppTests-Info.plist";
				PRODUCT_NAME = "$(TARGET_NAME)";
				TEST_HOST = "$(BUNDLE_LOADER)";
				WRAPPER_EXTENSION = xctest;
			};
			name = Debug;
		};
		E615202918B096A10055A8F7 /* Release */ = {
			isa = XCBuildConfiguration;
			buildSettings = {
				ARCHS = "$(ARCHS_STANDARD_INCLUDING_64_BIT)";
				BUNDLE_LOADER = "$(BUILT_PRODUCTS_DIR)/LocalizableApp.app/LocalizableApp";
				FRAMEWORK_SEARCH_PATHS = (
					"$(SDKROOT)/Developer/Library/Frameworks",
					"$(inherited)",
					"$(DEVELOPER_FRAMEWORKS_DIR)",
				);
				GCC_PRECOMPILE_PREFIX_HEADER = YES;
				GCC_PREFIX_HEADER = "LocalizableApp/LocalizableApp-Prefix.pch";
				INFOPLIST_FILE = "LocalizableAppTests/LocalizableAppTests-Info.plist";
				PRODUCT_NAME = "$(TARGET_NAME)";
				TEST_HOST = "$(BUNDLE_LOADER)";
				WRAPPER_EXTENSION = xctest;
			};
			name = Release;
		};
/* End XCBuildConfiguration section */

/* Begin XCConfigurationList section */
		E6151FED18B096A00055A8F7 /* Build configuration list for PBXProject "LocalizableApp" */ = {
			isa = XCConfigurationList;
			buildConfigurations = (
				E615202218B096A10055A8F7 /* Debug */,
				E615202318B096A10055A8F7 /* Release */,
			);
			defaultConfigurationIsVisible = 0;
			defaultConfigurationName = Release;
		};
		E615202418B096A10055A8F7 /* Build configuration list for PBXNativeTarget "LocalizableApp" */ = {
			isa = XCConfigurationList;
			buildConfigurations = (
				E615202518B096A10055A8F7 /* Debug */,
				E615202618B096A10055A8F7 /* Release */,
			);
			defaultConfigurationIsVisible = 0;
		};
		E615202718B096A10055A8F7 /* Build configuration list for PBXNativeTarget "LocalizableAppTests" */ = {
			isa = XCConfigurationList;
			buildConfigurations = (
				E615202818B096A10055A8F7 /* Debug */,
				E615202918B096A10055A8F7 /* Release */,
			);
			defaultConfigurationIsVisible = 0;
		};
/* End XCConfigurationList section */
	};
	rootObject = E6151FEA18B096A00055A8F7 /* Project object */;
}
