// !$*UTF8*$!
{
	archiveVersion = 1;
	classes = {
	};
	objectVersion = 46;
	objects = {

/* Begin PBXBuildFile section */
		E6130CB818DC325E00708040 /* Foundation.framework in Frameworks */ = {isa = PBXBuildFile; fileRef = E6130CB718DC325E00708040 /* Foundation.framework */; };
		E6130CBA18DC325E00708040 /* CoreGraphics.framework in Frameworks */ = {isa = PBXBuildFile; fileRef = E6130CB918DC325E00708040 /* CoreGraphics.framework */; };
		E6130CBC18DC325E00708040 /* UIKit.framework in Frameworks */ = {isa = PBXBuildFile; fileRef = E6130CBB18DC325E00708040 /* UIKit.framework */; };
		E6130CC218DC325E00708040 /* InfoPlist.strings in Resources */ = {isa = PBXBuildFile; fileRef = E6130CC018DC325E00708040 /* InfoPlist.strings */; };
		E6130CC418DC325E00708040 /* main.m in Sources */ = {isa = PBXBuildFile; fileRef = E6130CC318DC325E00708040 /* main.m */; };
		E6130CC818DC325E00708040 /* AppDelegate.m in Sources */ = {isa = PBXBuildFile; fileRef = E6130CC718DC325E00708040 /* AppDelegate.m */; };
		E6130CCB18DC325E00708040 /* Main.storyboard in Resources */ = {isa = PBXBuildFile; fileRef = E6130CC918DC325E00708040 /* Main.storyboard */; };
		E6130CCE18DC325E00708040 /* ViewController.m in Sources */ = {isa = PBXBuildFile; fileRef = E6130CCD18DC325E00708040 /* ViewController.m */; };
		E6130CD018DC325E00708040 /* Images.xcassets in Resources */ = {isa = PBXBuildFile; fileRef = E6130CCF18DC325E00708040 /* Images.xcassets */; };
		E6130CD718DC325E00708040 /* XCTest.framework in Frameworks */ = {isa = PBXBuildFile; fileRef = E6130CD618DC325E00708040 /* XCTest.framework */; };
		E6130CD818DC325E00708040 /* Foundation.framework in Frameworks */ = {isa = PBXBuildFile; fileRef = E6130CB718DC325E00708040 /* Foundation.framework */; };
		E6130CD918DC325E00708040 /* UIKit.framework in Frameworks */ = {isa = PBXBuildFile; fileRef = E6130CBB18DC325E00708040 /* UIKit.framework */; };
		E6130CE118DC325E00708040 /* InfoPlist.strings in Resources */ = {isa = PBXBuildFile; fileRef = E6130CDF18DC325E00708040 /* InfoPlist.strings */; };
		E6130CE318DC325E00708040 /* AutoLayoutTests.m in Sources */ = {isa = PBXBuildFile; fileRef = E6130CE218DC325E00708040 /* AutoLayoutTests.m */; };
/* End PBXBuildFile section */

/* Begin PBXContainerItemProxy section */
		E6130CDA18DC325E00708040 /* PBXContainerItemProxy */ = {
			isa = PBXContainerItemProxy;
			containerPortal = E6130CAC18DC325E00708040 /* Project object */;
			proxyType = 1;
			remoteGlobalIDString = E6130CB318DC325E00708040;
			remoteInfo = AutoLayout;
		};
/* End PBXContainerItemProxy section */

/* Begin PBXFileReference section */
		E6130CB418DC325E00708040 /* AutoLayout.app */ = {isa = PBXFileReference; explicitFileType = wrapper.application; includeInIndex = 0; path = AutoLayout.app; sourceTree = BUILT_PRODUCTS_DIR; };
		E6130CB718DC325E00708040 /* Foundation.framework */ = {isa = PBXFileReference; lastKnownFileType = wrapper.framework; name = Foundation.framework; path = System/Library/Frameworks/Foundation.framework; sourceTree = SDKROOT; };
		E6130CB918DC325E00708040 /* CoreGraphics.framework */ = {isa = PBXFileReference; lastKnownFileType = wrapper.framework; name = CoreGraphics.framework; path = System/Library/Frameworks/CoreGraphics.framework; sourceTree = SDKROOT; };
		E6130CBB18DC325E00708040 /* UIKit.framework */ = {isa = PBXFileReference; lastKnownFileType = wrapper.framework; name = UIKit.framework; path = System/Library/Frameworks/UIKit.framework; sourceTree = SDKROOT; };
		E6130CBF18DC325E00708040 /* AutoLayout-Info.plist */ = {isa = PBXFileReference; lastKnownFileType = text.plist.xml; path = "AutoLayout-Info.plist"; sourceTree = "<group>"; };
		E6130CC118DC325E00708040 /* en */ = {isa = PBXFileReference; lastKnownFileType = text.plist.strings; name = en; path = en.lproj/InfoPlist.strings; sourceTree = "<group>"; };
		E6130CC318DC325E00708040 /* main.m */ = {isa = PBXFileReference; lastKnownFileType = sourcecode.c.objc; path = main.m; sourceTree = "<group>"; };
		E6130CC518DC325E00708040 /* AutoLayout-Prefix.pch */ = {isa = PBXFileReference; lastKnownFileType = sourcecode.c.h; path = "AutoLayout-Prefix.pch"; sourceTree = "<group>"; };
		E6130CC618DC325E00708040 /* AppDelegate.h */ = {isa = PBXFileReference; lastKnownFileType = sourcecode.c.h; path = AppDelegate.h; sourceTree = "<group>"; };
		E6130CC718DC325E00708040 /* AppDelegate.m */ = {isa = PBXFileReference; lastKnownFileType = sourcecode.c.objc; path = AppDelegate.m; sourceTree = "<group>"; };
		E6130CCA18DC325E00708040 /* Base */ = {isa = PBXFileReference; lastKnownFileType = file.storyboard; name = Base; path = Base.lproj/Main.storyboard; sourceTree = "<group>"; };
		E6130CCC18DC325E00708040 /* ViewController.h */ = {isa = PBXFileReference; lastKnownFileType = sourcecode.c.h; path = ViewController.h; sourceTree = "<group>"; };
		E6130CCD18DC325E00708040 /* ViewController.m */ = {isa = PBXFileReference; lastKnownFileType = sourcecode.c.objc; path = ViewController.m; sourceTree = "<group>"; };
		E6130CCF18DC325E00708040 /* Images.xcassets */ = {isa = PBXFileReference; lastKnownFileType = folder.assetcatalog; path = Images.xcassets; sourceTree = "<group>"; };
		E6130CD518DC325E00708040 /* AutoLayoutTests.xctest */ = {isa = PBXFileReference; explicitFileType = wrapper.cfbundle; includeInIndex = 0; path = AutoLayoutTests.xctest; sourceTree = BUILT_PRODUCTS_DIR; };
		E6130CD618DC325E00708040 /* XCTest.framework */ = {isa = PBXFileReference; lastKnownFileType = wrapper.framework; name = XCTest.framework; path = Library/Frameworks/XCTest.framework; sourceTree = DEVELOPER_DIR; };
		E6130CDE18DC325E00708040 /* AutoLayoutTests-Info.plist */ = {isa = PBXFileReference; lastKnownFileType = text.plist.xml; path = "AutoLayoutTests-Info.plist"; sourceTree = "<group>"; };
		E6130CE018DC325E00708040 /* en */ = {isa = PBXFileReference; lastKnownFileType = text.plist.strings; name = en; path = en.lproj/InfoPlist.strings; sourceTree = "<group>"; };
		E6130CE218DC325E00708040 /* AutoLayoutTests.m */ = {isa = PBXFileReference; lastKnownFileType = sourcecode.c.objc; path = AutoLayoutTests.m; sourceTree = "<group>"; };
/* End PBXFileReference section */

/* Begin PBXFrameworksBuildPhase section */
		E6130CB118DC325E00708040 /* Frameworks */ = {
			isa = PBXFrameworksBuildPhase;
			buildActionMask = 2147483647;
			files = (
				E6130CBA18DC325E00708040 /* CoreGraphics.framework in Frameworks */,
				E6130CBC18DC325E00708040 /* UIKit.framework in Frameworks */,
				E6130CB818DC325E00708040 /* Foundation.framework in Frameworks */,
			);
			runOnlyForDeploymentPostprocessing = 0;
		};
		E6130CD218DC325E00708040 /* Frameworks */ = {
			isa = PBXFrameworksBuildPhase;
			buildActionMask = 2147483647;
			files = (
				E6130CD718DC325E00708040 /* XCTest.framework in Frameworks */,
				E6130CD918DC325E00708040 /* UIKit.framework in Frameworks */,
				E6130CD818DC325E00708040 /* Foundation.framework in Frameworks */,
			);
			runOnlyForDeploymentPostprocessing = 0;
		};
/* End PBXFrameworksBuildPhase section */

/* Begin PBXGroup section */
		E6130CAB18DC325E00708040 = {
			isa = PBXGroup;
			children = (
				E6130CBD18DC325E00708040 /* AutoLayout */,
				E6130CDC18DC325E00708040 /* AutoLayoutTests */,
				E6130CB618DC325E00708040 /* Frameworks */,
				E6130CB518DC325E00708040 /* Products */,
			);
			sourceTree = "<group>";
		};
		E6130CB518DC325E00708040 /* Products */ = {
			isa = PBXGroup;
			children = (
				E6130CB418DC325E00708040 /* AutoLayout.app */,
				E6130CD518DC325E00708040 /* AutoLayoutTests.xctest */,
			);
			name = Products;
			sourceTree = "<group>";
		};
		E6130CB618DC325E00708040 /* Frameworks */ = {
			isa = PBXGroup;
			children = (
				E6130CB718DC325E00708040 /* Foundation.framework */,
				E6130CB918DC325E00708040 /* CoreGraphics.framework */,
				E6130CBB18DC325E00708040 /* UIKit.framework */,
				E6130CD618DC325E00708040 /* XCTest.framework */,
			);
			name = Frameworks;
			sourceTree = "<group>";
		};
		E6130CBD18DC325E00708040 /* AutoLayout */ = {
			isa = PBXGroup;
			children = (
				E6130CC618DC325E00708040 /* AppDelegate.h */,
				E6130CC718DC325E00708040 /* AppDelegate.m */,
				E6130CC918DC325E00708040 /* Main.storyboard */,
				E6130CCC18DC325E00708040 /* ViewController.h */,
				E6130CCD18DC325E00708040 /* ViewController.m */,
				E6130CCF18DC325E00708040 /* Images.xcassets */,
				E6130CBE18DC325E00708040 /* Supporting Files */,
			);
			path = AutoLayout;
			sourceTree = "<group>";
		};
		E6130CBE18DC325E00708040 /* Supporting Files */ = {
			isa = PBXGroup;
			children = (
				E6130CBF18DC325E00708040 /* AutoLayout-Info.plist */,
				E6130CC018DC325E00708040 /* InfoPlist.strings */,
				E6130CC318DC325E00708040 /* main.m */,
				E6130CC518DC325E00708040 /* AutoLayout-Prefix.pch */,
			);
			name = "Supporting Files";
			sourceTree = "<group>";
		};
		E6130CDC18DC325E00708040 /* AutoLayoutTests */ = {
			isa = PBXGroup;
			children = (
				E6130CE218DC325E00708040 /* AutoLayoutTests.m */,
				E6130CDD18DC325E00708040 /* Supporting Files */,
			);
			path = AutoLayoutTests;
			sourceTree = "<group>";
		};
		E6130CDD18DC325E00708040 /* Supporting Files */ = {
			isa = PBXGroup;
			children = (
				E6130CDE18DC325E00708040 /* AutoLayoutTests-Info.plist */,
				E6130CDF18DC325E00708040 /* InfoPlist.strings */,
			);
			name = "Supporting Files";
			sourceTree = "<group>";
		};
/* End PBXGroup section */

/* Begin PBXNativeTarget section */
		E6130CB318DC325E00708040 /* AutoLayout */ = {
			isa = PBXNativeTarget;
			buildConfigurationList = E6130CE618DC325E00708040 /* Build configuration list for PBXNativeTarget "AutoLayout" */;
			buildPhases = (
				E6130CB018DC325E00708040 /* Sources */,
				E6130CB118DC325E00708040 /* Frameworks */,
				E6130CB218DC325E00708040 /* Resources */,
			);
			buildRules = (
			);
			dependencies = (
			);
			name = AutoLayout;
			productName = AutoLayout;
			productReference = E6130CB418DC325E00708040 /* AutoLayout.app */;
			productType = "com.apple.product-type.application";
		};
		E6130CD418DC325E00708040 /* AutoLayoutTests */ = {
			isa = PBXNativeTarget;
			buildConfigurationList = E6130CE918DC325E00708040 /* Build configuration list for PBXNativeTarget "AutoLayoutTests" */;
			buildPhases = (
				E6130CD118DC325E00708040 /* Sources */,
				E6130CD218DC325E00708040 /* Frameworks */,
				E6130CD318DC325E00708040 /* Resources */,
			);
			buildRules = (
			);
			dependencies = (
				E6130CDB18DC325E00708040 /* PBXTargetDependency */,
			);
			name = AutoLayoutTests;
			productName = AutoLayoutTests;
			productReference = E6130CD518DC325E00708040 /* AutoLayoutTests.xctest */;
			productType = "com.apple.product-type.bundle.unit-test";
		};
/* End PBXNativeTarget section */

/* Begin PBXProject section */
		E6130CAC18DC325E00708040 /* Project object */ = {
			isa = PBXProject;
			attributes = {
				LastUpgradeCheck = 0510;
				ORGANIZATIONNAME = "Nikolay Shatilo";
				TargetAttributes = {
					E6130CD418DC325E00708040 = {
						TestTargetID = E6130CB318DC325E00708040;
					};
				};
			};
			buildConfigurationList = E6130CAF18DC325E00708040 /* Build configuration list for PBXProject "AutoLayout" */;
			compatibilityVersion = "Xcode 3.2";
			developmentRegion = English;
			hasScannedForEncodings = 0;
			knownRegions = (
				en,
				Base,
			);
			mainGroup = E6130CAB18DC325E00708040;
			productRefGroup = E6130CB518DC325E00708040 /* Products */;
			projectDirPath = "";
			projectRoot = "";
			targets = (
				E6130CB318DC325E00708040 /* AutoLayout */,
				E6130CD418DC325E00708040 /* AutoLayoutTests */,
			);
		};
/* End PBXProject section */

/* Begin PBXResourcesBuildPhase section */
		E6130CB218DC325E00708040 /* Resources */ = {
			isa = PBXResourcesBuildPhase;
			buildActionMask = 2147483647;
			files = (
				E6130CD018DC325E00708040 /* Images.xcassets in Resources */,
				E6130CC218DC325E00708040 /* InfoPlist.strings in Resources */,
				E6130CCB18DC325E00708040 /* Main.storyboard in Resources */,
			);
			runOnlyForDeploymentPostprocessing = 0;
		};
		E6130CD318DC325E00708040 /* Resources */ = {
			isa = PBXResourcesBuildPhase;
			buildActionMask = 2147483647;
			files = (
				E6130CE118DC325E00708040 /* InfoPlist.strings in Resources */,
			);
			runOnlyForDeploymentPostprocessing = 0;
		};
/* End PBXResourcesBuildPhase section */

/* Begin PBXSourcesBuildPhase section */
		E6130CB018DC325E00708040 /* Sources */ = {
			isa = PBXSourcesBuildPhase;
			buildActionMask = 2147483647;
			files = (
				E6130CCE18DC325E00708040 /* ViewController.m in Sources */,
				E6130CC818DC325E00708040 /* AppDelegate.m in Sources */,
				E6130CC418DC325E00708040 /* main.m in Sources */,
			);
			runOnlyForDeploymentPostprocessing = 0;
		};
		E6130CD118DC325E00708040 /* Sources */ = {
			isa = PBXSourcesBuildPhase;
			buildActionMask = 2147483647;
			files = (
				E6130CE318DC325E00708040 /* AutoLayoutTests.m in Sources */,
			);
			runOnlyForDeploymentPostprocessing = 0;
		};
/* End PBXSourcesBuildPhase section */

/* Begin PBXTargetDependency section */
		E6130CDB18DC325E00708040 /* PBXTargetDependency */ = {
			isa = PBXTargetDependency;
			target = E6130CB318DC325E00708040 /* AutoLayout */;
			targetProxy = E6130CDA18DC325E00708040 /* PBXContainerItemProxy */;
		};
/* End PBXTargetDependency section */

/* Begin PBXVariantGroup section */
		E6130CC018DC325E00708040 /* InfoPlist.strings */ = {
			isa = PBXVariantGroup;
			children = (
				E6130CC118DC325E00708040 /* en */,
			);
			name = InfoPlist.strings;
			sourceTree = "<group>";
		};
		E6130CC918DC325E00708040 /* Main.storyboard */ = {
			isa = PBXVariantGroup;
			children = (
				E6130CCA18DC325E00708040 /* Base */,
			);
			name = Main.storyboard;
			sourceTree = "<group>";
		};
		E6130CDF18DC325E00708040 /* InfoPlist.strings */ = {
			isa = PBXVariantGroup;
			children = (
				E6130CE018DC325E00708040 /* en */,
			);
			name = InfoPlist.strings;
			sourceTree = "<group>";
		};
/* End PBXVariantGroup section */

/* Begin XCBuildConfiguration section */
		E6130CE418DC325E00708040 /* Debug */ = {
			isa = XCBuildConfiguration;
			buildSettings = {
				ALWAYS_SEARCH_USER_PATHS = NO;
				CLANG_CXX_LANGUAGE_STANDARD = "gnu++0x";
				CLANG_CXX_LIBRARY = "libc++";
				CLANG_ENABLE_MODULES = YES;
				CLANG_ENABLE_OBJC_ARC = YES;
				CLANG_WARN_BOOL_CONVERSION = YES;
				CLANG_WARN_CONSTANT_CONVERSION = YES;
				CLANG_WARN_DIRECT_OBJC_ISA_USAGE = YES_ERROR;
				CLANG_WARN_EMPTY_BODY = YES;
				CLANG_WARN_ENUM_CONVERSION = YES;
				CLANG_WARN_INT_CONVERSION = YES;
				CLANG_WARN_OBJC_ROOT_CLASS = YES_ERROR;
				CLANG_WARN__DUPLICATE_METHOD_MATCH = YES;
				"CODE_SIGN_IDENTITY[sdk=iphoneos*]" = "iPhone Developer";
				COPY_PHASE_STRIP = NO;
				GCC_C_LANGUAGE_STANDARD = gnu99;
				GCC_DYNAMIC_NO_PIC = NO;
				GCC_OPTIMIZATION_LEVEL = 0;
				GCC_PREPROCESSOR_DEFINITIONS = (
					"DEBUG=1",
					"$(inherited)",
				);
				GCC_SYMBOLS_PRIVATE_EXTERN = NO;
				GCC_WARN_64_TO_32_BIT_CONVERSION = YES;
				GCC_WARN_ABOUT_RETURN_TYPE = YES_ERROR;
				GCC_WARN_UNDECLARED_SELECTOR = YES;
				GCC_WARN_UNINITIALIZED_AUTOS = YES_AGGRESSIVE;
				GCC_WARN_UNUSED_FUNCTION = YES;
				GCC_WARN_UNUSED_VARIABLE = YES;
				IPHONEOS_DEPLOYMENT_TARGET = 7.1;
				ONLY_ACTIVE_ARCH = YES;
				SDKROOT = iphoneos;
			};
			name = Debug;
		};
		E6130CE518DC325E00708040 /* Release */ = {
			isa = XCBuildConfiguration;
			buildSettings = {
				ALWAYS_SEARCH_USER_PATHS = NO;
				CLANG_CXX_LANGUAGE_STANDARD = "gnu++0x";
				CLANG_CXX_LIBRARY = "libc++";
				CLANG_ENABLE_MODULES = YES;
				CLANG_ENABLE_OBJC_ARC = YES;
				CLANG_WARN_BOOL_CONVERSION = YES;
				CLANG_WARN_CONSTANT_CONVERSION = YES;
				CLANG_WARN_DIRECT_OBJC_ISA_USAGE = YES_ERROR;
				CLANG_WARN_EMPTY_BODY = YES;
				CLANG_WARN_ENUM_CONVERSION = YES;
				CLANG_WARN_INT_CONVERSION = YES;
				CLANG_WARN_OBJC_ROOT_CLASS = YES_ERROR;
				CLANG_WARN__DUPLICATE_METHOD_MATCH = YES;
				"CODE_SIGN_IDENTITY[sdk=iphoneos*]" = "iPhone Developer";
				COPY_PHASE_STRIP = YES;
				ENABLE_NS_ASSERTIONS = NO;
				GCC_C_LANGUAGE_STANDARD = gnu99;
				GCC_WARN_64_TO_32_BIT_CONVERSION = YES;
				GCC_WARN_ABOUT_RETURN_TYPE = YES_ERROR;
				GCC_WARN_UNDECLARED_SELECTOR = YES;
				GCC_WARN_UNINITIALIZED_AUTOS = YES_AGGRESSIVE;
				GCC_WARN_UNUSED_FUNCTION = YES;
				GCC_WARN_UNUSED_VARIABLE = YES;
				IPHONEOS_DEPLOYMENT_TARGET = 7.1;
				SDKROOT = iphoneos;
				VALIDATE_PRODUCT = YES;
			};
			name = Release;
		};
		E6130CE718DC325E00708040 /* Debug */ = {
			isa = XCBuildConfiguration;
			buildSettings = {
				ASSETCATALOG_COMPILER_APPICON_NAME = AppIcon;
				ASSETCATALOG_COMPILER_LAUNCHIMAGE_NAME = LaunchImage;
				GCC_PRECOMPILE_PREFIX_HEADER = YES;
				GCC_PREFIX_HEADER = "AutoLayout/AutoLayout-Prefix.pch";
				INFOPLIST_FILE = "AutoLayout/AutoLayout-Info.plist";
				PRODUCT_NAME = "$(TARGET_NAME)";
				WRAPPER_EXTENSION = app;
			};
			name = Debug;
		};
		E6130CE818DC325E00708040 /* Release */ = {
			isa = XCBuildConfiguration;
			buildSettings = {
				ASSETCATALOG_COMPILER_APPICON_NAME = AppIcon;
				ASSETCATALOG_COMPILER_LAUNCHIMAGE_NAME = LaunchImage;
				GCC_PRECOMPILE_PREFIX_HEADER = YES;
				GCC_PREFIX_HEADER = "AutoLayout/AutoLayout-Prefix.pch";
				INFOPLIST_FILE = "AutoLayout/AutoLayout-Info.plist";
				PRODUCT_NAME = "$(TARGET_NAME)";
				WRAPPER_EXTENSION = app;
			};
			name = Release;
		};
		E6130CEA18DC325E00708040 /* Debug */ = {
			isa = XCBuildConfiguration;
			buildSettings = {
				BUNDLE_LOADER = "$(BUILT_PRODUCTS_DIR)/AutoLayout.app/AutoLayout";
				FRAMEWORK_SEARCH_PATHS = (
					"$(SDKROOT)/Developer/Library/Frameworks",
					"$(inherited)",
					"$(DEVELOPER_FRAMEWORKS_DIR)",
				);
				GCC_PRECOMPILE_PREFIX_HEADER = YES;
				GCC_PREFIX_HEADER = "AutoLayout/AutoLayout-Prefix.pch";
				GCC_PREPROCESSOR_DEFINITIONS = (
					"DEBUG=1",
					"$(inherited)",
				);
				INFOPLIST_FILE = "AutoLayoutTests/AutoLayoutTests-Info.plist";
				PRODUCT_NAME = "$(TARGET_NAME)";
				TEST_HOST = "$(BUNDLE_LOADER)";
				WRAPPER_EXTENSION = xctest;
			};
			name = Debug;
		};
		E6130CEB18DC325E00708040 /* Release */ = {
			isa = XCBuildConfiguration;
			buildSettings = {
				BUNDLE_LOADER = "$(BUILT_PRODUCTS_DIR)/AutoLayout.app/AutoLayout";
				FRAMEWORK_SEARCH_PATHS = (
					"$(SDKROOT)/Developer/Library/Frameworks",
					"$(inherited)",
					"$(DEVELOPER_FRAMEWORKS_DIR)",
				);
				GCC_PRECOMPILE_PREFIX_HEADER = YES;
				GCC_PREFIX_HEADER = "AutoLayout/AutoLayout-Prefix.pch";
				INFOPLIST_FILE = "AutoLayoutTests/AutoLayoutTests-Info.plist";
				PRODUCT_NAME = "$(TARGET_NAME)";
				TEST_HOST = "$(BUNDLE_LOADER)";
				WRAPPER_EXTENSION = xctest;
			};
			name = Release;
		};
/* End XCBuildConfiguration section */

/* Begin XCConfigurationList section */
		E6130CAF18DC325E00708040 /* Build configuration list for PBXProject "AutoLayout" */ = {
			isa = XCConfigurationList;
			buildConfigurations = (
				E6130CE418DC325E00708040 /* Debug */,
				E6130CE518DC325E00708040 /* Release */,
			);
			defaultConfigurationIsVisible = 0;
			defaultConfigurationName = Release;
		};
		E6130CE618DC325E00708040 /* Build configuration list for PBXNativeTarget "AutoLayout" */ = {
			isa = XCConfigurationList;
			buildConfigurations = (
				E6130CE718DC325E00708040 /* Debug */,
				E6130CE818DC325E00708040 /* Release */,
			);
			defaultConfigurationIsVisible = 0;
		};
		E6130CE918DC325E00708040 /* Build configuration list for PBXNativeTarget "AutoLayoutTests" */ = {
			isa = XCConfigurationList;
			buildConfigurations = (
				E6130CEA18DC325E00708040 /* Debug */,
				E6130CEB18DC325E00708040 /* Release */,
			);
			defaultConfigurationIsVisible = 0;
		};
/* End XCConfigurationList section */
	};
	rootObject = E6130CAC18DC325E00708040 /* Project object */;
}
